// !$*UTF8*$!
{
	archiveVersion = 1;
	classes = {
	};
	objectVersion = 46;
	objects = {

/* Begin PBXBuildFile section */
		4191C200146B149E00EDC2B9 /* LvkSpawn.m in Sources */ = {isa = PBXBuildFile; fileRef = 4191C1FE146B0C3E00EDC2B9 /* LvkSpawn.m */; };
		E0B544BF1246B75E00A27025 /* CoreGraphics.framework in Frameworks */ = {isa = PBXBuildFile; fileRef = DCCBF1B60F6022AE0040855A /* CoreGraphics.framework */; };
		E0B544C01246B75E00A27025 /* Foundation.framework in Frameworks */ = {isa = PBXBuildFile; fileRef = DCCBF1B80F6022AE0040855A /* Foundation.framework */; };
		E0B544C11246B75E00A27025 /* OpenGLES.framework in Frameworks */ = {isa = PBXBuildFile; fileRef = DCCBF1BA0F6022AE0040855A /* OpenGLES.framework */; };
		E0B544C21246B75E00A27025 /* QuartzCore.framework in Frameworks */ = {isa = PBXBuildFile; fileRef = DCCBF1BC0F6022AE0040855A /* QuartzCore.framework */; };
		E0B544C31246B75E00A27025 /* UIKit.framework in Frameworks */ = {isa = PBXBuildFile; fileRef = DCCBF1BE0F6022AE0040855A /* UIKit.framework */; };
		E0B544C41246B75E00A27025 /* AudioToolbox.framework in Frameworks */ = {isa = PBXBuildFile; fileRef = DC6640020F83B3EA000B3E49 /* AudioToolbox.framework */; };
		E0B544C51246B75E00A27025 /* OpenAL.framework in Frameworks */ = {isa = PBXBuildFile; fileRef = DC6640040F83B3EA000B3E49 /* OpenAL.framework */; };
		E0B544C61246B75E00A27025 /* libz.dylib in Frameworks */ = {isa = PBXBuildFile; fileRef = 506EDB87102F4C4000A389B3 /* libz.dylib */; };
		E0B544C71246B75E00A27025 /* AVFoundation.framework in Frameworks */ = {isa = PBXBuildFile; fileRef = 506EDBA4102F4C9F00A389B3 /* AVFoundation.framework */; };
		E0B544C81246B77100A27025 /* LvkSprite.m in Sources */ = {isa = PBXBuildFile; fileRef = 41922A48111A68F40058E0DA /* LvkSprite.m */; };
		E0B544C91246B77100A27025 /* LvkRepeatAction.m in Sources */ = {isa = PBXBuildFile; fileRef = 4199EE9511B2D869005919CB /* LvkRepeatAction.m */; };
/* End PBXBuildFile section */

/* Begin PBXFileReference section */
		3B6A347F124ABE9B002F820D /* README */ = {isa = PBXFileReference; fileEncoding = 4; lastKnownFileType = text; path = README; sourceTree = "<group>"; };
		4191C1FD146B0C3E00EDC2B9 /* LvkSpawn.h */ = {isa = PBXFileReference; fileEncoding = 4; lastKnownFileType = sourcecode.c.h; name = LvkSpawn.h; path = LvkSprite/LvkSpawn.h; sourceTree = "<group>"; };
		4191C1FE146B0C3E00EDC2B9 /* LvkSpawn.m */ = {isa = PBXFileReference; fileEncoding = 4; lastKnownFileType = sourcecode.c.objc; name = LvkSpawn.m; path = LvkSprite/LvkSpawn.m; sourceTree = "<group>"; };
		41922A3D111A68E40058E0DA /* Default.png */ = {isa = PBXFileReference; lastKnownFileType = image.png; name = Default.png; path = Resources/Default.png; sourceTree = "<group>"; };
		41922A3E111A68E40058E0DA /* fps_images.png */ = {isa = PBXFileReference; lastKnownFileType = image.png; name = fps_images.png; path = Resources/fps_images.png; sourceTree = "<group>"; };
		41922A3F111A68E40058E0DA /* Icon.png */ = {isa = PBXFileReference; lastKnownFileType = image.png; name = Icon.png; path = Resources/Icon.png; sourceTree = "<group>"; };
		41922A40111A68E40058E0DA /* ryu.lkob */ = {isa = PBXFileReference; lastKnownFileType = file; name = ryu.lkob; path = Resources/ryu.lkob; sourceTree = "<group>"; };
		41922A41111A68E40058E0DA /* ryu.lkot */ = {isa = PBXFileReference; fileEncoding = 4; lastKnownFileType = text; name = ryu.lkot; path = Resources/ryu.lkot; sourceTree = "<group>"; };
		41922A47111A68F40058E0DA /* LvkSprite.h */ = {isa = PBXFileReference; fileEncoding = 4; lastKnownFileType = sourcecode.c.h; name = LvkSprite.h; path = LvkSprite/LvkSprite.h; sourceTree = "<group>"; };
		41922A48111A68F40058E0DA /* LvkSprite.m */ = {isa = PBXFileReference; fileEncoding = 4; lastKnownFileType = sourcecode.c.objc; name = LvkSprite.m; path = LvkSprite/LvkSprite.m; sourceTree = "<group>"; };
		41922A4C111A69270058E0DA /* LvkSpriteDemoAppDelegate.h */ = {isa = PBXFileReference; fileEncoding = 4; lastKnownFileType = sourcecode.c.h; name = LvkSpriteDemoAppDelegate.h; path = LvkSpriteDemo/LvkSpriteDemoAppDelegate.h; sourceTree = "<group>"; };
		41922A4D111A69270058E0DA /* LvkSpriteDemoAppDelegate.m */ = {isa = PBXFileReference; fileEncoding = 4; lastKnownFileType = sourcecode.c.objc; name = LvkSpriteDemoAppDelegate.m; path = LvkSpriteDemo/LvkSpriteDemoAppDelegate.m; sourceTree = "<group>"; };
		41922A4E111A69270058E0DA /* main.m */ = {isa = PBXFileReference; fileEncoding = 4; lastKnownFileType = sourcecode.c.objc; name = main.m; path = LvkSpriteDemo/main.m; sourceTree = "<group>"; };
		4199EE9511B2D869005919CB /* LvkRepeatAction.m */ = {isa = PBXFileReference; fileEncoding = 4; lastKnownFileType = sourcecode.c.objc; name = LvkRepeatAction.m; path = LvkSprite/LvkRepeatAction.m; sourceTree = "<group>"; };
		4199EE9711B2D88D005919CB /* LvkRepeatAction.h */ = {isa = PBXFileReference; fileEncoding = 4; lastKnownFileType = sourcecode.c.h; name = LvkRepeatAction.h; path = LvkSprite/LvkRepeatAction.h; sourceTree = "<group>"; };
		41DA179111ADF299004277E9 /* ResourcesPath.h */ = {isa = PBXFileReference; fileEncoding = 4; lastKnownFileType = sourcecode.c.h; name = ResourcesPath.h; path = LvkSpriteDemo/ResourcesPath.h; sourceTree = "<group>"; };
		506EDB87102F4C4000A389B3 /* libz.dylib */ = {isa = PBXFileReference; lastKnownFileType = "compiled.mach-o.dylib"; name = libz.dylib; path = usr/lib/libz.dylib; sourceTree = SDKROOT; };
		506EDBA4102F4C9F00A389B3 /* AVFoundation.framework */ = {isa = PBXFileReference; lastKnownFileType = wrapper.framework; name = AVFoundation.framework; path = System/Library/Frameworks/AVFoundation.framework; sourceTree = SDKROOT; };
		8D1107310486CEB800E47090 /* Info.plist */ = {isa = PBXFileReference; fileEncoding = 4; lastKnownFileType = text.plist.xml; path = Info.plist; sourceTree = "<group>"; };
		DC6640020F83B3EA000B3E49 /* AudioToolbox.framework */ = {isa = PBXFileReference; lastKnownFileType = wrapper.framework; name = AudioToolbox.framework; path = System/Library/Frameworks/AudioToolbox.framework; sourceTree = SDKROOT; };
		DC6640040F83B3EA000B3E49 /* OpenAL.framework */ = {isa = PBXFileReference; lastKnownFileType = wrapper.framework; name = OpenAL.framework; path = System/Library/Frameworks/OpenAL.framework; sourceTree = SDKROOT; };
		DCCBF1B60F6022AE0040855A /* CoreGraphics.framework */ = {isa = PBXFileReference; lastKnownFileType = wrapper.framework; name = CoreGraphics.framework; path = System/Library/Frameworks/CoreGraphics.framework; sourceTree = SDKROOT; };
		DCCBF1B80F6022AE0040855A /* Foundation.framework */ = {isa = PBXFileReference; lastKnownFileType = wrapper.framework; name = Foundation.framework; path = System/Library/Frameworks/Foundation.framework; sourceTree = SDKROOT; };
		DCCBF1BA0F6022AE0040855A /* OpenGLES.framework */ = {isa = PBXFileReference; lastKnownFileType = wrapper.framework; name = OpenGLES.framework; path = System/Library/Frameworks/OpenGLES.framework; sourceTree = SDKROOT; };
		DCCBF1BC0F6022AE0040855A /* QuartzCore.framework */ = {isa = PBXFileReference; lastKnownFileType = wrapper.framework; name = QuartzCore.framework; path = System/Library/Frameworks/QuartzCore.framework; sourceTree = SDKROOT; };
		DCCBF1BE0F6022AE0040855A /* UIKit.framework */ = {isa = PBXFileReference; lastKnownFileType = wrapper.framework; name = UIKit.framework; path = System/Library/Frameworks/UIKit.framework; sourceTree = SDKROOT; };
		E00E647812475CEA00575829 /* LvkSprite-Info.plist */ = {isa = PBXFileReference; lastKnownFileType = text.plist.xml; path = "LvkSprite-Info.plist"; sourceTree = "<group>"; };
		E09FABA311E1304600334436 /* common.h */ = {isa = PBXFileReference; fileEncoding = 4; lastKnownFileType = sourcecode.c.h; name = common.h; path = LvkSprite/common.h; sourceTree = "<group>"; };
		E0B5417F124699D700A27025 /* Test-Info.plist */ = {isa = PBXFileReference; lastKnownFileType = text.plist.xml; path = "Test-Info.plist"; sourceTree = "<group>"; };
		E0B5419012469AB400A27025 /* GHUnitIPhoneTestMain.m */ = {isa = PBXFileReference; fileEncoding = 4; lastKnownFileType = sourcecode.c.objc; name = GHUnitIPhoneTestMain.m; path = LvkSpriteTest/GHUnitIPhoneTestMain.m; sourceTree = "<group>"; };
		E0B541B712469B8800A27025 /* GHUnitIOS.framework */ = {isa = PBXFileReference; lastKnownFileType = wrapper.framework; name = GHUnitIOS.framework; path = LvkSpriteTest/Frameworks/GHUnitIOS.framework; sourceTree = "<group>"; };
		E0B541D412469C2E00A27025 /* LvkSpriteTest.h */ = {isa = PBXFileReference; fileEncoding = 4; lastKnownFileType = sourcecode.c.h; name = LvkSpriteTest.h; path = LvkSpriteTest/LvkSpriteTest.h; sourceTree = "<group>"; };
		E0B541D512469C2E00A27025 /* LvkSpriteTest.m */ = {isa = PBXFileReference; fileEncoding = 4; lastKnownFileType = sourcecode.c.objc; name = LvkSpriteTest.m; path = LvkSpriteTest/LvkSpriteTest.m; sourceTree = "<group>"; };
		E0B544921246A84600A27025 /* libcocos2d.a */ = {isa = PBXFileReference; lastKnownFileType = archive.ar; name = libcocos2d.a; path = LvkSprite/Frameworks/cocos2d/Simulator/libcocos2d.a; sourceTree = "<group>"; };
		E0B544BA1246B73E00A27025 /* libLvkSprite.a */ = {isa = PBXFileReference; explicitFileType = archive.ar; includeInIndex = 0; path = libLvkSprite.a; sourceTree = BUILT_PRODUCTS_DIR; };
		E0B545A91246C04C00A27025 /* ryu-fixed-frame-size.lkob */ = {isa = PBXFileReference; lastKnownFileType = file; name = "ryu-fixed-frame-size.lkob"; path = "Resources/ryu-fixed-frame-size.lkob"; sourceTree = "<group>"; };
		E0B545AA1246C04C00A27025 /* ryu-fixed-frame-size.lkot */ = {isa = PBXFileReference; fileEncoding = 4; lastKnownFileType = text; name = "ryu-fixed-frame-size.lkot"; path = "Resources/ryu-fixed-frame-size.lkot"; sourceTree = "<group>"; };
/* End PBXFileReference section */

/* Begin PBXFrameworksBuildPhase section */
		E0B544B81246B73E00A27025 /* Frameworks */ = {
			isa = PBXFrameworksBuildPhase;
			buildActionMask = 2147483647;
			files = (
				E0B544BF1246B75E00A27025 /* CoreGraphics.framework in Frameworks */,
				E0B544C01246B75E00A27025 /* Foundation.framework in Frameworks */,
				E0B544C11246B75E00A27025 /* OpenGLES.framework in Frameworks */,
				E0B544C21246B75E00A27025 /* QuartzCore.framework in Frameworks */,
				E0B544C31246B75E00A27025 /* UIKit.framework in Frameworks */,
				E0B544C41246B75E00A27025 /* AudioToolbox.framework in Frameworks */,
				E0B544C51246B75E00A27025 /* OpenAL.framework in Frameworks */,
				E0B544C61246B75E00A27025 /* libz.dylib in Frameworks */,
				E0B544C71246B75E00A27025 /* AVFoundation.framework in Frameworks */,
			);
			runOnlyForDeploymentPostprocessing = 0;
		};
/* End PBXFrameworksBuildPhase section */

/* Begin PBXGroup section */
		19C28FACFE9D520D11CA2CBB /* Products */ = {
			isa = PBXGroup;
			children = (
				E0B544BA1246B73E00A27025 /* libLvkSprite.a */,
			);
			name = Products;
			sourceTree = "<group>";
		};
		29B97314FDCFA39411CA2CEA /* CustomTemplate */ = {
			isa = PBXGroup;
			children = (
				3B6A347F124ABE9B002F820D /* README */,
				E0B5418F12469A9900A27025 /* LvkSpriteTest */,
				41922A4A111A69070058E0DA /* LvkSprite Demo App Sources */,
				29B97315FDCFA39411CA2CEA /* LvkSprite Sources */,
				29B97317FDCFA39411CA2CEA /* Resources */,
				29B97323FDCFA39411CA2CEA /* Frameworks */,
				19C28FACFE9D520D11CA2CBB /* Products */,
				E0B5417F124699D700A27025 /* Test-Info.plist */,
				E00E647812475CEA00575829 /* LvkSprite-Info.plist */,
			);
			name = CustomTemplate;
			sourceTree = "<group>";
		};
		29B97315FDCFA39411CA2CEA /* LvkSprite Sources */ = {
			isa = PBXGroup;
			children = (
				E09FABA311E1304600334436 /* common.h */,
				41922A47111A68F40058E0DA /* LvkSprite.h */,
				41922A48111A68F40058E0DA /* LvkSprite.m */,
				4199EE9711B2D88D005919CB /* LvkRepeatAction.h */,
				4199EE9511B2D869005919CB /* LvkRepeatAction.m */,
				4191C1FD146B0C3E00EDC2B9 /* LvkSpawn.h */,
				4191C1FE146B0C3E00EDC2B9 /* LvkSpawn.m */,
			);
			name = "LvkSprite Sources";
			sourceTree = "<group>";
		};
		29B97317FDCFA39411CA2CEA /* Resources */ = {
			isa = PBXGroup;
			children = (
				E0B545A91246C04C00A27025 /* ryu-fixed-frame-size.lkob */,
				E0B545AA1246C04C00A27025 /* ryu-fixed-frame-size.lkot */,
				41922A3D111A68E40058E0DA /* Default.png */,
				41922A3E111A68E40058E0DA /* fps_images.png */,
				41922A3F111A68E40058E0DA /* Icon.png */,
				41922A40111A68E40058E0DA /* ryu.lkob */,
				41922A41111A68E40058E0DA /* ryu.lkot */,
				8D1107310486CEB800E47090 /* Info.plist */,
			);
			name = Resources;
			sourceTree = "<group>";
		};
		29B97323FDCFA39411CA2CEA /* Frameworks */ = {
			isa = PBXGroup;
			children = (
				E0B541B712469B8800A27025 /* GHUnitIOS.framework */,
				DCCBF1B60F6022AE0040855A /* CoreGraphics.framework */,
				DCCBF1B80F6022AE0040855A /* Foundation.framework */,
				DCCBF1BA0F6022AE0040855A /* OpenGLES.framework */,
				DCCBF1BC0F6022AE0040855A /* QuartzCore.framework */,
				DCCBF1BE0F6022AE0040855A /* UIKit.framework */,
				DC6640040F83B3EA000B3E49 /* OpenAL.framework */,
				DC6640020F83B3EA000B3E49 /* AudioToolbox.framework */,
				506EDB87102F4C4000A389B3 /* libz.dylib */,
				506EDBA4102F4C9F00A389B3 /* AVFoundation.framework */,
				E0B544921246A84600A27025 /* libcocos2d.a */,
			);
			name = Frameworks;
			sourceTree = "<group>";
		};
		41922A4A111A69070058E0DA /* LvkSprite Demo App Sources */ = {
			isa = PBXGroup;
			children = (
				41DA179111ADF299004277E9 /* ResourcesPath.h */,
				41922A4C111A69270058E0DA /* LvkSpriteDemoAppDelegate.h */,
				41922A4D111A69270058E0DA /* LvkSpriteDemoAppDelegate.m */,
				41922A4E111A69270058E0DA /* main.m */,
			);
			name = "LvkSprite Demo App Sources";
			sourceTree = "<group>";
		};
		E0B5418F12469A9900A27025 /* LvkSpriteTest */ = {
			isa = PBXGroup;
			children = (
				E0B541D412469C2E00A27025 /* LvkSpriteTest.h */,
				E0B541D512469C2E00A27025 /* LvkSpriteTest.m */,
				E0B5419012469AB400A27025 /* GHUnitIPhoneTestMain.m */,
			);
			name = LvkSpriteTest;
			sourceTree = "<group>";
		};
/* End PBXGroup section */

/* Begin PBXHeadersBuildPhase section */
		E0B544B61246B73E00A27025 /* Headers */ = {
			isa = PBXHeadersBuildPhase;
			buildActionMask = 2147483647;
			files = (
			);
			runOnlyForDeploymentPostprocessing = 0;
		};
/* End PBXHeadersBuildPhase section */

/* Begin PBXNativeTarget section */
		E0B544B91246B73E00A27025 /* LvkSprite */ = {
			isa = PBXNativeTarget;
			buildConfigurationList = E0B544BD1246B75D00A27025 /* Build configuration list for PBXNativeTarget "LvkSprite" */;
			buildPhases = (
				E0B544B61246B73E00A27025 /* Headers */,
				E0B544B71246B73E00A27025 /* Sources */,
				E0B544B81246B73E00A27025 /* Frameworks */,
			);
			buildRules = (
			);
			dependencies = (
			);
			name = LvkSprite;
			productName = LvkSprite;
			productReference = E0B544BA1246B73E00A27025 /* libLvkSprite.a */;
			productType = "com.apple.product-type.library.static";
		};
/* End PBXNativeTarget section */

/* Begin PBXProject section */
		29B97313FDCFA39411CA2CEA /* Project object */ = {
			isa = PBXProject;
			attributes = {
				LastUpgradeCheck = 0420;
			};
			buildConfigurationList = C01FCF4E08A954540054247B /* Build configuration list for PBXProject "LvkSpriteProject" */;
			compatibilityVersion = "Xcode 3.2";
			developmentRegion = English;
			hasScannedForEncodings = 1;
			knownRegions = (
				English,
				Japanese,
				French,
				German,
			);
			mainGroup = 29B97314FDCFA39411CA2CEA /* CustomTemplate */;
			projectDirPath = "";
			projectRoot = "";
			targets = (
				E0B544B91246B73E00A27025 /* LvkSprite */,
			);
		};
/* End PBXProject section */

/* Begin PBXSourcesBuildPhase section */
		E0B544B71246B73E00A27025 /* Sources */ = {
			isa = PBXSourcesBuildPhase;
			buildActionMask = 2147483647;
			files = (
				4191C200146B149E00EDC2B9 /* LvkSpawn.m in Sources */,
				E0B544C81246B77100A27025 /* LvkSprite.m in Sources */,
				E0B544C91246B77100A27025 /* LvkRepeatAction.m in Sources */,
			);
			runOnlyForDeploymentPostprocessing = 0;
		};
/* End PBXSourcesBuildPhase section */

/* Begin XCBuildConfiguration section */
		C01FCF4F08A954540054247B /* Debug */ = {
			isa = XCBuildConfiguration;
			buildSettings = {
				ALWAYS_SEARCH_USER_PATHS = NO;
				ARCHS = "$(ARCHS_STANDARD_32_BIT)";
				"CODE_SIGN_IDENTITY[sdk=iphoneos*]" = "iPhone Developer";
				GCC_C_LANGUAGE_STANDARD = c99;
				GCC_WARN_ABOUT_RETURN_TYPE = YES;
				GCC_WARN_UNUSED_VARIABLE = YES;
				HEADER_SEARCH_PATHS = "$(SRCROOT)/../cocos2d-iphone/cocos2d";
				IPHONEOS_DEPLOYMENT_TARGET = 4.2;
				ONLY_ACTIVE_ARCH = YES;
				SDKROOT = iphoneos;
				SKIP_INSTALL = YES;
				USER_HEADER_SEARCH_PATHS = "$(SRCROOT)/../cocos2d-iphone/cocos2d";
			};
			name = Debug;
		};
		C01FCF5008A954540054247B /* Release */ = {
			isa = XCBuildConfiguration;
			buildSettings = {
				ALWAYS_SEARCH_USER_PATHS = NO;
				ARCHS = "$(ARCHS_STANDARD_32_BIT)";
				"CODE_SIGN_IDENTITY[sdk=iphoneos*]" = "iPhone Developer";
				GCC_C_LANGUAGE_STANDARD = c99;
				GCC_WARN_ABOUT_RETURN_TYPE = YES;
				GCC_WARN_UNUSED_VARIABLE = YES;
				HEADER_SEARCH_PATHS = "$(SRCROOT)/../cocos2d-iphone/cocos2d";
				IPHONEOS_DEPLOYMENT_TARGET = 4.2;
				SDKROOT = iphoneos;
				SKIP_INSTALL = YES;
				USER_HEADER_SEARCH_PATHS = "$(SRCROOT)/../cocos2d-iphone/cocos2d";
			};
			name = Release;
		};
		E0B544BB1246B73F00A27025 /* Debug */ = {
			isa = XCBuildConfiguration;
			buildSettings = {
				ALWAYS_SEARCH_USER_PATHS = NO;
				COPY_PHASE_STRIP = NO;
				GCC_DYNAMIC_NO_PIC = NO;
				GCC_OPTIMIZATION_LEVEL = 0;
				GCC_VERSION = "";
				HEADER_SEARCH_PATHS = "$(inherited)/**";
				LIBRARY_SEARCH_PATHS = (
					"$(inherited)",
					"\"$(SRCROOT)/LvkSprite/Frameworks/cocos2d/Simulator\"",
				);
				OTHER_LDFLAGS = (
					"-ObjC",
					"-all_load",
				);
				PRODUCT_NAME = LvkSprite;
				SKIP_INSTALL = YES;
				USER_HEADER_SEARCH_PATHS = "$(inherited)";
			};
			name = Debug;
		};
		E0B544BC1246B73F00A27025 /* Release */ = {
			isa = XCBuildConfiguration;
			buildSettings = {
				ALWAYS_SEARCH_USER_PATHS = NO;
				COPY_PHASE_STRIP = YES;
				DEBUG_INFORMATION_FORMAT = "dwarf-with-dsym";
				GCC_VERSION = "";
				HEADER_SEARCH_PATHS = "$(inherited)/**";
				LIBRARY_SEARCH_PATHS = (
					"$(inherited)",
					"\"$(SRCROOT)/LvkSprite/Frameworks/cocos2d/Simulator\"",
				);
				OTHER_LDFLAGS = (
					"-ObjC",
					"-all_load",
				);
				PRODUCT_NAME = LvkSprite;
				SKIP_INSTALL = YES;
				USER_HEADER_SEARCH_PATHS = "$(inherited)";
				ZERO_LINK = NO;
			};
			name = Release;
		};
/* End XCBuildConfiguration section */

/* Begin XCConfigurationList section */
		C01FCF4E08A954540054247B /* Build configuration list for PBXProject "LvkSpriteProject" */ = {
			isa = XCConfigurationList;
			buildConfigurations = (
				C01FCF4F08A954540054247B /* Debug */,
				C01FCF5008A954540054247B /* Release */,
			);
			defaultConfigurationIsVisible = 0;
			defaultConfigurationName = Release;
		};
		E0B544BD1246B75D00A27025 /* Build configuration list for PBXNativeTarget "LvkSprite" */ = {
			isa = XCConfigurationList;
			buildConfigurations = (
				E0B544BB1246B73F00A27025 /* Debug */,
				E0B544BC1246B73F00A27025 /* Release */,
			);
			defaultConfigurationIsVisible = 0;
			defaultConfigurationName = Release;
		};
/* End XCConfigurationList section */
	};
	rootObject = 29B97313FDCFA39411CA2CEA /* Project object */;
}
