// !$*UTF8*$!
{
	archiveVersion = 1;
	classes = {
	};
	objectVersion = 45;
	objects = {

/* Begin PBXBuildFile section */
		3BBDC27C12517B000052B8D7 /* libLvkSprite.a in Frameworks */ = {isa = PBXBuildFile; fileRef = E0B544BA1246B73E00A27025 /* libLvkSprite.a */; };
		41922A42111A68E40058E0DA /* Default.png in Resources */ = {isa = PBXBuildFile; fileRef = 41922A3D111A68E40058E0DA /* Default.png */; };
		41922A43111A68E40058E0DA /* fps_images.png in Resources */ = {isa = PBXBuildFile; fileRef = 41922A3E111A68E40058E0DA /* fps_images.png */; };
		41922A44111A68E40058E0DA /* Icon.png in Resources */ = {isa = PBXBuildFile; fileRef = 41922A3F111A68E40058E0DA /* Icon.png */; };
		41922A45111A68E40058E0DA /* ryu.lkob in Resources */ = {isa = PBXBuildFile; fileRef = 41922A40111A68E40058E0DA /* ryu.lkob */; };
		41922A46111A68E40058E0DA /* ryu.lkot in Resources */ = {isa = PBXBuildFile; fileRef = 41922A41111A68E40058E0DA /* ryu.lkot */; };
		41922A49111A68F40058E0DA /* LvkSprite.m in Sources */ = {isa = PBXBuildFile; fileRef = 41922A48111A68F40058E0DA /* LvkSprite.m */; };
		41922A4F111A69270058E0DA /* LvkSpriteDemoAppDelegate.m in Sources */ = {isa = PBXBuildFile; fileRef = 41922A4D111A69270058E0DA /* LvkSpriteDemoAppDelegate.m */; };
		41922A50111A69270058E0DA /* main.m in Sources */ = {isa = PBXBuildFile; fileRef = 41922A4E111A69270058E0DA /* main.m */; };
		4199EE9611B2D869005919CB /* LvkRepeatAction.m in Sources */ = {isa = PBXBuildFile; fileRef = 4199EE9511B2D869005919CB /* LvkRepeatAction.m */; };
		506EDB88102F4C4000A389B3 /* libz.dylib in Frameworks */ = {isa = PBXBuildFile; fileRef = 506EDB87102F4C4000A389B3 /* libz.dylib */; };
		506EDBA5102F4C9F00A389B3 /* AVFoundation.framework in Frameworks */ = {isa = PBXBuildFile; fileRef = 506EDBA4102F4C9F00A389B3 /* AVFoundation.framework */; };
		DC6640030F83B3EA000B3E49 /* AudioToolbox.framework in Frameworks */ = {isa = PBXBuildFile; fileRef = DC6640020F83B3EA000B3E49 /* AudioToolbox.framework */; };
		DC6640050F83B3EA000B3E49 /* OpenAL.framework in Frameworks */ = {isa = PBXBuildFile; fileRef = DC6640040F83B3EA000B3E49 /* OpenAL.framework */; };
		DCCBF1B70F6022AE0040855A /* CoreGraphics.framework in Frameworks */ = {isa = PBXBuildFile; fileRef = DCCBF1B60F6022AE0040855A /* CoreGraphics.framework */; };
		DCCBF1B90F6022AE0040855A /* Foundation.framework in Frameworks */ = {isa = PBXBuildFile; fileRef = DCCBF1B80F6022AE0040855A /* Foundation.framework */; };
		DCCBF1BB0F6022AE0040855A /* OpenGLES.framework in Frameworks */ = {isa = PBXBuildFile; fileRef = DCCBF1BA0F6022AE0040855A /* OpenGLES.framework */; };
		DCCBF1BD0F6022AE0040855A /* QuartzCore.framework in Frameworks */ = {isa = PBXBuildFile; fileRef = DCCBF1BC0F6022AE0040855A /* QuartzCore.framework */; };
		DCCBF1BF0F6022AE0040855A /* UIKit.framework in Frameworks */ = {isa = PBXBuildFile; fileRef = DCCBF1BE0F6022AE0040855A /* UIKit.framework */; };
		E09DBFA012747590003CCC20 /* ryu-fixed-frame-size.lkob in Resources */ = {isa = PBXBuildFile; fileRef = E0B545A91246C04C00A27025 /* ryu-fixed-frame-size.lkob */; };
		E09DBFA112747590003CCC20 /* ryu-fixed-frame-size.lkot in Resources */ = {isa = PBXBuildFile; fileRef = E0B545AA1246C04C00A27025 /* ryu-fixed-frame-size.lkot */; };
		E0B541B812469B8800A27025 /* GHUnitIOS.framework in Frameworks */ = {isa = PBXBuildFile; fileRef = E0B541B712469B8800A27025 /* GHUnitIOS.framework */; };
		E0B543AD1246A20400A27025 /* CoreGraphics.framework in Frameworks */ = {isa = PBXBuildFile; fileRef = DCCBF1B60F6022AE0040855A /* CoreGraphics.framework */; };
		E0B543AE1246A20400A27025 /* Foundation.framework in Frameworks */ = {isa = PBXBuildFile; fileRef = DCCBF1B80F6022AE0040855A /* Foundation.framework */; };
		E0B543AF1246A20400A27025 /* OpenGLES.framework in Frameworks */ = {isa = PBXBuildFile; fileRef = DCCBF1BA0F6022AE0040855A /* OpenGLES.framework */; };
		E0B543B01246A20400A27025 /* QuartzCore.framework in Frameworks */ = {isa = PBXBuildFile; fileRef = DCCBF1BC0F6022AE0040855A /* QuartzCore.framework */; };
		E0B543B11246A20400A27025 /* UIKit.framework in Frameworks */ = {isa = PBXBuildFile; fileRef = DCCBF1BE0F6022AE0040855A /* UIKit.framework */; };
		E0B543B21246A20400A27025 /* AudioToolbox.framework in Frameworks */ = {isa = PBXBuildFile; fileRef = DC6640020F83B3EA000B3E49 /* AudioToolbox.framework */; };
		E0B543B31246A20400A27025 /* OpenAL.framework in Frameworks */ = {isa = PBXBuildFile; fileRef = DC6640040F83B3EA000B3E49 /* OpenAL.framework */; };
		E0B543B41246A20400A27025 /* libz.dylib in Frameworks */ = {isa = PBXBuildFile; fileRef = 506EDB87102F4C4000A389B3 /* libz.dylib */; };
		E0B543B51246A20400A27025 /* AVFoundation.framework in Frameworks */ = {isa = PBXBuildFile; fileRef = 506EDBA4102F4C9F00A389B3 /* AVFoundation.framework */; };
		E0B5444B1246A66400A27025 /* LvkSpriteTest.m in Sources */ = {isa = PBXBuildFile; fileRef = E0B541D512469C2E00A27025 /* LvkSpriteTest.m */; };
		E0B5444C1246A66400A27025 /* GHUnitIPhoneTestMain.m in Sources */ = {isa = PBXBuildFile; fileRef = E0B5419012469AB400A27025 /* GHUnitIPhoneTestMain.m */; };
		E0B544BF1246B75E00A27025 /* CoreGraphics.framework in Frameworks */ = {isa = PBXBuildFile; fileRef = DCCBF1B60F6022AE0040855A /* CoreGraphics.framework */; };
		E0B544C01246B75E00A27025 /* Foundation.framework in Frameworks */ = {isa = PBXBuildFile; fileRef = DCCBF1B80F6022AE0040855A /* Foundation.framework */; };
		E0B544C11246B75E00A27025 /* OpenGLES.framework in Frameworks */ = {isa = PBXBuildFile; fileRef = DCCBF1BA0F6022AE0040855A /* OpenGLES.framework */; };
		E0B544C21246B75E00A27025 /* QuartzCore.framework in Frameworks */ = {isa = PBXBuildFile; fileRef = DCCBF1BC0F6022AE0040855A /* QuartzCore.framework */; };
		E0B544C31246B75E00A27025 /* UIKit.framework in Frameworks */ = {isa = PBXBuildFile; fileRef = DCCBF1BE0F6022AE0040855A /* UIKit.framework */; };
		E0B544C41246B75E00A27025 /* AudioToolbox.framework in Frameworks */ = {isa = PBXBuildFile; fileRef = DC6640020F83B3EA000B3E49 /* AudioToolbox.framework */; };
		E0B544C51246B75E00A27025 /* OpenAL.framework in Frameworks */ = {isa = PBXBuildFile; fileRef = DC6640040F83B3EA000B3E49 /* OpenAL.framework */; };
		E0B544C61246B75E00A27025 /* libz.dylib in Frameworks */ = {isa = PBXBuildFile; fileRef = 506EDB87102F4C4000A389B3 /* libz.dylib */; };
		E0B544C71246B75E00A27025 /* AVFoundation.framework in Frameworks */ = {isa = PBXBuildFile; fileRef = 506EDBA4102F4C9F00A389B3 /* AVFoundation.framework */; };
		E0B544C81246B77100A27025 /* LvkSprite.m in Sources */ = {isa = PBXBuildFile; fileRef = 41922A48111A68F40058E0DA /* LvkSprite.m */; };
		E0B544C91246B77100A27025 /* LvkRepeatAction.m in Sources */ = {isa = PBXBuildFile; fileRef = 4199EE9511B2D869005919CB /* LvkRepeatAction.m */; };
		E0B544D01246B79900A27025 /* libLvkSprite.a in Frameworks */ = {isa = PBXBuildFile; fileRef = E0B544BA1246B73E00A27025 /* libLvkSprite.a */; };
/* End PBXBuildFile section */

/* Begin PBXContainerItemProxy section */
		3BBDC27212517ADB0052B8D7 /* PBXContainerItemProxy */ = {
			isa = PBXContainerItemProxy;
			containerPortal = 29B97313FDCFA39411CA2CEA /* Project object */;
			proxyType = 1;
			remoteGlobalIDString = E0B544B91246B73E00A27025;
			remoteInfo = LvkSprite;
		};
		41589E051385D2C20078168C /* PBXContainerItemProxy */ = {
			isa = PBXContainerItemProxy;
			containerPortal = 41589DDB1385D2BD0078168C /* cocos2d-mac.xcodeproj */;
			proxyType = 2;
			remoteGlobalIDString = E01E663D121CA00A001A484F;
			remoteInfo = cocos2d;
		};
		41589E071385D2C20078168C /* PBXContainerItemProxy */ = {
			isa = PBXContainerItemProxy;
			containerPortal = 41589DDB1385D2BD0078168C /* cocos2d-mac.xcodeproj */;
			proxyType = 2;
			remoteGlobalIDString = E056C58A134FF46C001C3DFD;
			remoteInfo = Box2D;
		};
		41589E091385D2C20078168C /* PBXContainerItemProxy */ = {
			isa = PBXContainerItemProxy;
			containerPortal = 41589DDB1385D2BD0078168C /* cocos2d-mac.xcodeproj */;
			proxyType = 2;
			remoteGlobalIDString = E056C581134FF459001C3DFD;
			remoteInfo = Chipmunk;
		};
		41589E0B1385D2C20078168C /* PBXContainerItemProxy */ = {
			isa = PBXContainerItemProxy;
			containerPortal = 41589DDB1385D2BD0078168C /* cocos2d-mac.xcodeproj */;
			proxyType = 2;
			remoteGlobalIDString = E056C56F134FF436001C3DFD;
			remoteInfo = CocosDenshion;
		};
		41589E0D1385D2C20078168C /* PBXContainerItemProxy */ = {
			isa = PBXContainerItemProxy;
			containerPortal = 41589DDB1385D2BD0078168C /* cocos2d-mac.xcodeproj */;
			proxyType = 2;
			remoteGlobalIDString = E076EDB91225FEAA00DE0DA2;
			remoteInfo = libpng;
		};
		41589E0F1385D2C20078168C /* PBXContainerItemProxy */ = {
			isa = PBXContainerItemProxy;
			containerPortal = 41589DDB1385D2BD0078168C /* cocos2d-mac.xcodeproj */;
			proxyType = 2;
			remoteGlobalIDString = E0AC06A51228021600EFA814;
			remoteInfo = ActionTest;
		};
		41589E111385D2C20078168C /* PBXContainerItemProxy */ = {
			isa = PBXContainerItemProxy;
			containerPortal = 41589DDB1385D2BD0078168C /* cocos2d-mac.xcodeproj */;
			proxyType = 2;
			remoteGlobalIDString = E0B930071226C0DD003FF67E;
			remoteInfo = ActionEaseTest;
		};
		41589E131385D2C20078168C /* PBXContainerItemProxy */ = {
			isa = PBXContainerItemProxy;
			containerPortal = 41589DDB1385D2BD0078168C /* cocos2d-mac.xcodeproj */;
			proxyType = 2;
			remoteGlobalIDString = E0AC0799122803BC00EFA814;
			remoteInfo = DrawingPrimitivesTest;
		};
		41589E151385D2C20078168C /* PBXContainerItemProxy */ = {
			isa = PBXContainerItemProxy;
			containerPortal = 41589DDB1385D2BD0078168C /* cocos2d-mac.xcodeproj */;
			proxyType = 2;
			remoteGlobalIDString = E0B92EF61226A621003FF67E;
			remoteInfo = EffectsAdvancedTest;
		};
		41589E171385D2C20078168C /* PBXContainerItemProxy */ = {
			isa = PBXContainerItemProxy;
			containerPortal = 41589DDB1385D2BD0078168C /* cocos2d-mac.xcodeproj */;
			proxyType = 2;
			remoteGlobalIDString = E0D2CEE212B93736008D5DBB;
			remoteInfo = EventsTest;
		};
		41589E191385D2C20078168C /* PBXContainerItemProxy */ = {
			isa = PBXContainerItemProxy;
			containerPortal = 41589DDB1385D2BD0078168C /* cocos2d-mac.xcodeproj */;
			proxyType = 2;
			remoteGlobalIDString = E0DA434212A03A3C00210ACE;
			remoteInfo = FullScreenTest;
		};
		41589E1B1385D2C20078168C /* PBXContainerItemProxy */ = {
			isa = PBXContainerItemProxy;
			containerPortal = 41589DDB1385D2BD0078168C /* cocos2d-mac.xcodeproj */;
			proxyType = 2;
			remoteGlobalIDString = E076E4471225C4BE00DE0DA2;
			remoteInfo = MenuTest;
		};
		41589E1D1385D2C20078168C /* PBXContainerItemProxy */ = {
			isa = PBXContainerItemProxy;
			containerPortal = 41589DDB1385D2BD0078168C /* cocos2d-mac.xcodeproj */;
			proxyType = 2;
			remoteGlobalIDString = E0AC092A12280B7000EFA814;
			remoteInfo = LabelTest;
		};
		41589E1F1385D2C20078168C /* PBXContainerItemProxy */ = {
			isa = PBXContainerItemProxy;
			containerPortal = 41589DDB1385D2BD0078168C /* cocos2d-mac.xcodeproj */;
			proxyType = 2;
			remoteGlobalIDString = E0B92DCD1226A0C9003FF67E;
			remoteInfo = ParallaxTest;
		};
		41589E211385D2C20078168C /* PBXContainerItemProxy */ = {
			isa = PBXContainerItemProxy;
			containerPortal = 41589DDB1385D2BD0078168C /* cocos2d-mac.xcodeproj */;
			proxyType = 2;
			remoteGlobalIDString = E026451912A59DA7009D04FE;
			remoteInfo = ParticleTest;
		};
		41589E231385D2C20078168C /* PBXContainerItemProxy */ = {
			isa = PBXContainerItemProxy;
			containerPortal = 41589DDB1385D2BD0078168C /* cocos2d-mac.xcodeproj */;
			proxyType = 2;
			remoteGlobalIDString = E0505401122D5AE6005B74CB;
			remoteInfo = RenderTextureTest;
		};
		41589E251385D2C20078168C /* PBXContainerItemProxy */ = {
			isa = PBXContainerItemProxy;
			containerPortal = 41589DDB1385D2BD0078168C /* cocos2d-mac.xcodeproj */;
			proxyType = 2;
			remoteGlobalIDString = E076F21A12268A9800DE0DA2;
			remoteInfo = SpriteTest;
		};
		41589E271385D2C20078168C /* PBXContainerItemProxy */ = {
			isa = PBXContainerItemProxy;
			containerPortal = 41589DDB1385D2BD0078168C /* cocos2d-mac.xcodeproj */;
			proxyType = 2;
			remoteGlobalIDString = E076EDAB1225FDE300DE0DA2;
			remoteInfo = TextureTest;
		};
		41589E291385D2C20078168C /* PBXContainerItemProxy */ = {
			isa = PBXContainerItemProxy;
			containerPortal = 41589DDB1385D2BD0078168C /* cocos2d-mac.xcodeproj */;
			proxyType = 2;
			remoteGlobalIDString = E076EC601225F82200DE0DA2;
			remoteInfo = TiledMapTest;
		};
		41589E2B1385D2C20078168C /* PBXContainerItemProxy */ = {
			isa = PBXContainerItemProxy;
			containerPortal = 41589DDB1385D2BD0078168C /* cocos2d-mac.xcodeproj */;
			proxyType = 2;
			remoteGlobalIDString = E076E5C01225E97900DE0DA2;
			remoteInfo = TransitionTest;
		};
		41589E2D1385D2D10078168C /* PBXContainerItemProxy */ = {
			isa = PBXContainerItemProxy;
			containerPortal = 41589DDB1385D2BD0078168C /* cocos2d-mac.xcodeproj */;
			proxyType = 1;
			remoteGlobalIDString = E01E663C121CA00A001A484F;
			remoteInfo = cocos2d;
		};
		41589E2F1385D2D40078168C /* PBXContainerItemProxy */ = {
			isa = PBXContainerItemProxy;
			containerPortal = 41589DDB1385D2BD0078168C /* cocos2d-mac.xcodeproj */;
			proxyType = 1;
			remoteGlobalIDString = E056C56E134FF436001C3DFD;
			remoteInfo = CocosDenshion;
		};
		41589EAE1385D5A40078168C /* PBXContainerItemProxy */ = {
			isa = PBXContainerItemProxy;
			containerPortal = 41589E311385D5990078168C /* cocos2d-ios.xcodeproj */;
			proxyType = 2;
			remoteGlobalIDString = 509807081175041800EA7266;
			remoteInfo = "build all tests";
		};
		41589EB01385D5A40078168C /* PBXContainerItemProxy */ = {
			isa = PBXContainerItemProxy;
			containerPortal = 41589E311385D5990078168C /* cocos2d-ios.xcodeproj */;
			proxyType = 2;
			remoteGlobalIDString = 504225700FC0B39C00B992F7;
			remoteInfo = box2d;
		};
		41589EB21385D5A40078168C /* PBXContainerItemProxy */ = {
			isa = PBXContainerItemProxy;
			containerPortal = 41589E311385D5990078168C /* cocos2d-ios.xcodeproj */;
			proxyType = 2;
			remoteGlobalIDString = 50B2C4D10E100AEA00AE9530;
			remoteInfo = Chipmunk;
		};
		41589EB41385D5A40078168C /* PBXContainerItemProxy */ = {
			isa = PBXContainerItemProxy;
			containerPortal = 41589E311385D5990078168C /* cocos2d-ios.xcodeproj */;
			proxyType = 2;
			remoteGlobalIDString = 5018F24D0DFDEAC400C013A5;
			remoteInfo = cocos2d;
		};
		41589EB61385D5A40078168C /* PBXContainerItemProxy */ = {
			isa = PBXContainerItemProxy;
			containerPortal = 41589E311385D5990078168C /* cocos2d-ios.xcodeproj */;
			proxyType = 2;
			remoteGlobalIDString = 502C65EE0DFEF3DD00E4107D;
			remoteInfo = "cocos2d-documentation";
		};
		41589EB81385D5A40078168C /* PBXContainerItemProxy */ = {
			isa = PBXContainerItemProxy;
			containerPortal = 41589E311385D5990078168C /* cocos2d-ios.xcodeproj */;
			proxyType = 2;
			remoteGlobalIDString = 50CB2FCA1004C8B100B7A750;
			remoteInfo = CocosDenshion;
		};
		41589EBA1385D5A40078168C /* PBXContainerItemProxy */ = {
			isa = PBXContainerItemProxy;
			containerPortal = 41589E311385D5990078168C /* cocos2d-ios.xcodeproj */;
			proxyType = 2;
			remoteGlobalIDString = 509B3A0D0F31024E00F2FB95;
			remoteInfo = cocosLive;
		};
		41589EBC1385D5A40078168C /* PBXContainerItemProxy */ = {
			isa = PBXContainerItemProxy;
			containerPortal = 41589E311385D5990078168C /* cocos2d-ios.xcodeproj */;
			proxyType = 2;
			remoteGlobalIDString = 505461DF10616AE100AB7C52;
			remoteInfo = FontLabel;
		};
		41589EBE1385D5A40078168C /* PBXContainerItemProxy */ = {
			isa = PBXContainerItemProxy;
			containerPortal = 41589E311385D5990078168C /* cocos2d-ios.xcodeproj */;
			proxyType = 2;
			remoteGlobalIDString = 503164CD10277665003ACFE7;
			remoteInfo = libpng;
		};
		41589EC01385D5A40078168C /* PBXContainerItemProxy */ = {
			isa = PBXContainerItemProxy;
			containerPortal = 41589E311385D5990078168C /* cocos2d-ios.xcodeproj */;
			proxyType = 2;
			remoteGlobalIDString = 509B39DF0F31020900F2FB95;
			remoteInfo = TouchJSON;
		};
		41589EC21385D5A40078168C /* PBXContainerItemProxy */ = {
			isa = PBXContainerItemProxy;
			containerPortal = 41589E311385D5990078168C /* cocos2d-ios.xcodeproj */;
			proxyType = 2;
			remoteGlobalIDString = 8E6CBEEF0F7A758000D47B3A;
			remoteInfo = vorbis;
		};
		41589EC41385D5A40078168C /* PBXContainerItemProxy */ = {
			isa = PBXContainerItemProxy;
			containerPortal = 41589E311385D5990078168C /* cocos2d-ios.xcodeproj */;
			proxyType = 2;
			remoteGlobalIDString = 504CC32F1035BDE90096894C;
			remoteInfo = ActionManagerTest;
		};
		41589EC61385D5A40078168C /* PBXContainerItemProxy */ = {
			isa = PBXContainerItemProxy;
			containerPortal = 41589E311385D5990078168C /* cocos2d-ios.xcodeproj */;
			proxyType = 2;
			remoteGlobalIDString = 50C93AAD0E0BF6E000517B01;
			remoteInfo = ActionsTest;
		};
		41589EC81385D5A40078168C /* PBXContainerItemProxy */ = {
			isa = PBXContainerItemProxy;
			containerPortal = 41589E311385D5990078168C /* cocos2d-ios.xcodeproj */;
			proxyType = 2;
			remoteGlobalIDString = 05CA7B0410ED674700F12774;
			remoteInfo = ActionsWithBlocksSample;
		};
		41589ECA1385D5A40078168C /* PBXContainerItemProxy */ = {
			isa = PBXContainerItemProxy;
			containerPortal = 41589E311385D5990078168C /* cocos2d-ios.xcodeproj */;
			proxyType = 2;
			remoteGlobalIDString = 504828800F45AED700A30CEF;
			remoteInfo = AttachTest;
		};
		41589ECC1385D5A40078168C /* PBXContainerItemProxy */ = {
			isa = PBXContainerItemProxy;
			containerPortal = 41589E311385D5990078168C /* cocos2d-ios.xcodeproj */;
			proxyType = 2;
			remoteGlobalIDString = 5042262E0FC0B5D500B992F7;
			remoteInfo = Box2dAccelTouchTest;
		};
		41589ECE1385D5A40078168C /* PBXContainerItemProxy */ = {
			isa = PBXContainerItemProxy;
			containerPortal = 41589E311385D5990078168C /* cocos2d-ios.xcodeproj */;
			proxyType = 2;
			remoteGlobalIDString = 50010ED2103B3DB80059EC2E;
			remoteInfo = Box2dTestBed;
		};
		41589ED01385D5A40078168C /* PBXContainerItemProxy */ = {
			isa = PBXContainerItemProxy;
			containerPortal = 41589E311385D5990078168C /* cocos2d-ios.xcodeproj */;
			proxyType = 2;
			remoteGlobalIDString = 50B2C5E80E100EF000AE9530;
			remoteInfo = ChipmunkAccelTouchTest;
		};
		41589ED21385D5A40078168C /* PBXContainerItemProxy */ = {
			isa = PBXContainerItemProxy;
			containerPortal = 41589E311385D5990078168C /* cocos2d-ios.xcodeproj */;
			proxyType = 2;
			remoteGlobalIDString = 50B2CE460E129FD900AE9530;
			remoteInfo = ChipmunkTestBed;
		};
		41589ED41385D5A40078168C /* PBXContainerItemProxy */ = {
			isa = PBXContainerItemProxy;
			containerPortal = 41589E311385D5990078168C /* cocos2d-ios.xcodeproj */;
			proxyType = 2;
			remoteGlobalIDString = 506C77E20E01520900B48100;
			remoteInfo = ClickAndMoveTest;
		};
		41589ED61385D5A40078168C /* PBXContainerItemProxy */ = {
			isa = PBXContainerItemProxy;
			containerPortal = 41589E311385D5990078168C /* cocos2d-ios.xcodeproj */;
			proxyType = 2;
			remoteGlobalIDString = 505224F911B3D4700061670F;
			remoteInfo = "CocosDenshion - Tom The Turret";
		};
		41589ED81385D5A40078168C /* PBXContainerItemProxy */ = {
			isa = PBXContainerItemProxy;
			containerPortal = 41589E311385D5990078168C /* cocos2d-ios.xcodeproj */;
			proxyType = 2;
			remoteGlobalIDString = 505228BA11B3DBB90061670F;
			remoteInfo = "CocosDenshion - Drum Pad";
		};
		41589EDA1385D5A40078168C /* PBXContainerItemProxy */ = {
			isa = PBXContainerItemProxy;
			containerPortal = 41589E311385D5990078168C /* cocos2d-ios.xcodeproj */;
			proxyType = 2;
			remoteGlobalIDString = 5052293C11B3DCD80061670F;
			remoteInfo = "CocosDenshion - Fade To Grey";
		};
		41589EDC1385D5A40078168C /* PBXContainerItemProxy */ = {
			isa = PBXContainerItemProxy;
			containerPortal = 41589E311385D5990078168C /* cocos2d-ios.xcodeproj */;
			proxyType = 2;
			remoteGlobalIDString = 5052296E11B3DCE90061670F;
			remoteInfo = "CocosDenshion - FancyRat Metering";
		};
		41589EDE1385D5A40078168C /* PBXContainerItemProxy */ = {
			isa = PBXContainerItemProxy;
			containerPortal = 41589E311385D5990078168C /* cocos2d-ios.xcodeproj */;
			proxyType = 2;
			remoteGlobalIDString = 509B3A280F3102FD00F2FB95;
			remoteInfo = cocosLiveTest;
		};
		41589EE01385D5A40078168C /* PBXContainerItemProxy */ = {
			isa = PBXContainerItemProxy;
			containerPortal = 41589E311385D5990078168C /* cocos2d-ios.xcodeproj */;
			proxyType = 2;
			remoteGlobalIDString = 506144080E589A2E003CCDB7;
			remoteInfo = cocosnodeTest;
		};
		41589EE21385D5A40078168C /* PBXContainerItemProxy */ = {
			isa = PBXContainerItemProxy;
			containerPortal = 41589E311385D5990078168C /* cocos2d-ios.xcodeproj */;
			proxyType = 2;
			remoteGlobalIDString = E0A8C2C7133C335500297B76;
			remoteInfo = DirectorTest;
		};
		41589EE41385D5A40078168C /* PBXContainerItemProxy */ = {
			isa = PBXContainerItemProxy;
			containerPortal = 41589E311385D5990078168C /* cocos2d-ios.xcodeproj */;
			proxyType = 2;
			remoteGlobalIDString = 501945740F964C620059CE7C;
			remoteInfo = drawPrimitivesTest;
		};
		41589EE61385D5A40078168C /* PBXContainerItemProxy */ = {
			isa = PBXContainerItemProxy;
			containerPortal = 41589E311385D5990078168C /* cocos2d-ios.xcodeproj */;
			proxyType = 2;
			remoteGlobalIDString = 504E17DC11C4C7E100E19835;
			remoteInfo = EAGLViewTest;
		};
		41589EE81385D5A40078168C /* PBXContainerItemProxy */ = {
			isa = PBXContainerItemProxy;
			containerPortal = 41589E311385D5990078168C /* cocos2d-ios.xcodeproj */;
			proxyType = 2;
			remoteGlobalIDString = 505B63A30F2F4210001B4104;
			remoteInfo = EaseActionsTest;
		};
		41589EEA1385D5A40078168C /* PBXContainerItemProxy */ = {
			isa = PBXContainerItemProxy;
			containerPortal = 41589E311385D5990078168C /* cocos2d-ios.xcodeproj */;
			proxyType = 2;
			remoteGlobalIDString = 50A24E440F377FA1007CAEB0;
			remoteInfo = EffectsTest;
		};
		41589EEC1385D5A40078168C /* PBXContainerItemProxy */ = {
			isa = PBXContainerItemProxy;
			containerPortal = 41589E311385D5990078168C /* cocos2d-ios.xcodeproj */;
			proxyType = 2;
			remoteGlobalIDString = 50D56FD20F3FABEC007CD6B9;
			remoteInfo = EffectsAdvancedTest;
		};
		41589EEE1385D5A40078168C /* PBXContainerItemProxy */ = {
			isa = PBXContainerItemProxy;
			containerPortal = 41589E311385D5990078168C /* cocos2d-ios.xcodeproj */;
			proxyType = 2;
			remoteGlobalIDString = DAABAA9A1059A42E00794EB3;
			remoteInfo = FontTest;
		};
		41589EF01385D5A40078168C /* PBXContainerItemProxy */ = {
			isa = PBXContainerItemProxy;
			containerPortal = 41589E311385D5990078168C /* cocos2d-ios.xcodeproj */;
			proxyType = 2;
			remoteGlobalIDString = 50C7D4950E5C2ED80035ACA2;
			remoteInfo = IntervalTest;
		};
		41589EF21385D5A40078168C /* PBXContainerItemProxy */ = {
			isa = PBXContainerItemProxy;
			containerPortal = 41589E311385D5990078168C /* cocos2d-ios.xcodeproj */;
			proxyType = 2;
			remoteGlobalIDString = 50E77D1211D4C926009CA2C2;
			remoteInfo = HiResTest;
		};
		41589EF41385D5A40078168C /* PBXContainerItemProxy */ = {
			isa = PBXContainerItemProxy;
			containerPortal = 41589E311385D5990078168C /* cocos2d-ios.xcodeproj */;
			proxyType = 2;
			remoteGlobalIDString = 506882110E95761200F943E5;
			remoteInfo = LabelTest;
		};
		41589EF61385D5A40078168C /* PBXContainerItemProxy */ = {
			isa = PBXContainerItemProxy;
			containerPortal = 41589E311385D5990078168C /* cocos2d-ios.xcodeproj */;
			proxyType = 2;
			remoteGlobalIDString = 504799B1100F6A4200D1C71A;
			remoteInfo = LayerTest;
		};
		41589EF81385D5A40078168C /* PBXContainerItemProxy */ = {
			isa = PBXContainerItemProxy;
			containerPortal = 41589E311385D5990078168C /* cocos2d-ios.xcodeproj */;
			proxyType = 2;
			remoteGlobalIDString = 506C7A090E01C73A00B48100;
			remoteInfo = MenuTest;
		};
		41589EFA1385D5A40078168C /* PBXContainerItemProxy */ = {
			isa = PBXContainerItemProxy;
			containerPortal = 41589E311385D5990078168C /* cocos2d-ios.xcodeproj */;
			proxyType = 2;
			remoteGlobalIDString = 05AAF3E410EE85B300CACA2B;
			remoteInfo = MenuTestWithBlocks;
		};
		41589EFC1385D5A40078168C /* PBXContainerItemProxy */ = {
			isa = PBXContainerItemProxy;
			containerPortal = 41589E311385D5990078168C /* cocos2d-ios.xcodeproj */;
			proxyType = 2;
			remoteGlobalIDString = 50A783C40F3AFCE500104C45;
			remoteInfo = MotionStreakTest;
		};
		41589EFE1385D5A40078168C /* PBXContainerItemProxy */ = {
			isa = PBXContainerItemProxy;
			containerPortal = 41589E311385D5990078168C /* cocos2d-ios.xcodeproj */;
			proxyType = 2;
			remoteGlobalIDString = 50C195600EE4B57E00829067;
			remoteInfo = ParallaxTest;
		};
		41589F001385D5A40078168C /* PBXContainerItemProxy */ = {
			isa = PBXContainerItemProxy;
			containerPortal = 41589E311385D5990078168C /* cocos2d-ios.xcodeproj */;
			proxyType = 2;
			remoteGlobalIDString = 50DB1BCA0E1C1E5900A89DFF;
			remoteInfo = ParticleTest;
		};
		41589F021385D5A40078168C /* PBXContainerItemProxy */ = {
			isa = PBXContainerItemProxy;
			containerPortal = 41589E311385D5990078168C /* cocos2d-ios.xcodeproj */;
			proxyType = 2;
			remoteGlobalIDString = 8EDF3ED80F6BDA0000F54643;
			remoteInfo = "PASoundEngineTest (experimental)";
		};
		41589F041385D5A40078168C /* PBXContainerItemProxy */ = {
			isa = PBXContainerItemProxy;
			containerPortal = 41589E311385D5990078168C /* cocos2d-ios.xcodeproj */;
			proxyType = 2;
			remoteGlobalIDString = 501504ED11330E1700A9CA65;
			remoteInfo = ProgressActionsTest;
		};
		41589F061385D5A40078168C /* PBXContainerItemProxy */ = {
			isa = PBXContainerItemProxy;
			containerPortal = 41589E311385D5990078168C /* cocos2d-ios.xcodeproj */;
			proxyType = 2;
			remoteGlobalIDString = 495E73F7104B74E20012BB52;
			remoteInfo = RenderTextureTest;
		};
		41589F081385D5A40078168C /* PBXContainerItemProxy */ = {
			isa = PBXContainerItemProxy;
			containerPortal = 41589E311385D5990078168C /* cocos2d-ios.xcodeproj */;
			proxyType = 2;
			remoteGlobalIDString = 502C66180DFEFCCA00E4107D;
			remoteInfo = RotateWorldTest;
		};
		41589F0A1385D5A40078168C /* PBXContainerItemProxy */ = {
			isa = PBXContainerItemProxy;
			containerPortal = 41589E311385D5990078168C /* cocos2d-ios.xcodeproj */;
			proxyType = 2;
			remoteGlobalIDString = 506C800E0E041C9300B48100;
			remoteInfo = SceneTest;
		};
		41589F0C1385D5A40078168C /* PBXContainerItemProxy */ = {
			isa = PBXContainerItemProxy;
			containerPortal = 41589E311385D5990078168C /* cocos2d-ios.xcodeproj */;
			proxyType = 2;
			remoteGlobalIDString = 508CA7DA1193270F003AC397;
			remoteInfo = SchedulerTest;
		};
		41589F0E1385D5A40078168C /* PBXContainerItemProxy */ = {
			isa = PBXContainerItemProxy;
			containerPortal = 41589E311385D5990078168C /* cocos2d-ios.xcodeproj */;
			proxyType = 2;
			remoteGlobalIDString = 501C7C910F91EFFF0024A296;
			remoteInfo = SpriteTest;
		};
		41589F101385D5A40078168C /* PBXContainerItemProxy */ = {
			isa = PBXContainerItemProxy;
			containerPortal = 41589E311385D5990078168C /* cocos2d-ios.xcodeproj */;
			proxyType = 2;
			remoteGlobalIDString = 505B62D60F2E6A0F001B4104;
			remoteInfo = Texture2dTest;
		};
		41589F121385D5A40078168C /* PBXContainerItemProxy */ = {
			isa = PBXContainerItemProxy;
			containerPortal = 41589E311385D5990078168C /* cocos2d-ios.xcodeproj */;
			proxyType = 2;
			remoteGlobalIDString = 503F5CBE101FE930002A37E5;
			remoteInfo = TileMapTest;
		};
		41589F141385D5A40078168C /* PBXContainerItemProxy */ = {
			isa = PBXContainerItemProxy;
			containerPortal = 41589E311385D5990078168C /* cocos2d-ios.xcodeproj */;
			proxyType = 2;
			remoteGlobalIDString = 5012DD3B0FE2994300D6DDD1;
			remoteInfo = TouchesTest;
		};
		41589F161385D5A40078168C /* PBXContainerItemProxy */ = {
			isa = PBXContainerItemProxy;
			containerPortal = 41589E311385D5990078168C /* cocos2d-ios.xcodeproj */;
			proxyType = 2;
			remoteGlobalIDString = 50C938E00E0A9DBB00517B01;
			remoteInfo = TransitionsTest;
		};
		41589F181385D5A40078168C /* PBXContainerItemProxy */ = {
			isa = PBXContainerItemProxy;
			containerPortal = 41589E311385D5990078168C /* cocos2d-ios.xcodeproj */;
			proxyType = 2;
			remoteGlobalIDString = E0C5588611FE48E600B9E4CB;
			remoteInfo = ZwoptexTest;
		};
		41589F1A1385D5A40078168C /* PBXContainerItemProxy */ = {
			isa = PBXContainerItemProxy;
			containerPortal = 41589E311385D5990078168C /* cocos2d-ios.xcodeproj */;
			proxyType = 2;
			remoteGlobalIDString = 50DFC29F0FF627B6007E7827;
			remoteInfo = HelloWorldSample;
		};
		41589F1C1385D5A40078168C /* PBXContainerItemProxy */ = {
			isa = PBXContainerItemProxy;
			containerPortal = 41589E311385D5990078168C /* cocos2d-ios.xcodeproj */;
			proxyType = 2;
			remoteGlobalIDString = 50D0E05F0FF9232E00098927;
			remoteInfo = HelloActionsSample;
		};
		41589F1E1385D5A40078168C /* PBXContainerItemProxy */ = {
			isa = PBXContainerItemProxy;
			containerPortal = 41589E311385D5990078168C /* cocos2d-ios.xcodeproj */;
			proxyType = 2;
			remoteGlobalIDString = 50D0E0DE0FF930BA00098927;
			remoteInfo = HelloEventsSample;
		};
		41589F201385D5A40078168C /* PBXContainerItemProxy */ = {
			isa = PBXContainerItemProxy;
			containerPortal = 41589E311385D5990078168C /* cocos2d-ios.xcodeproj */;
			proxyType = 2;
			remoteGlobalIDString = 507FF8F2116D16F600B6FAB2;
			remoteInfo = Bug350;
		};
		41589F221385D5A40078168C /* PBXContainerItemProxy */ = {
			isa = PBXContainerItemProxy;
			containerPortal = 41589E311385D5990078168C /* cocos2d-ios.xcodeproj */;
			proxyType = 2;
			remoteGlobalIDString = 50CB34DD100765EF00B7A750;
			remoteInfo = Bug422;
		};
		41589F241385D5A40078168C /* PBXContainerItemProxy */ = {
			isa = PBXContainerItemProxy;
			containerPortal = 41589E311385D5990078168C /* cocos2d-ios.xcodeproj */;
			proxyType = 2;
			remoteGlobalIDString = E037DA4C1281C7F0003D39D7;
			remoteInfo = Bug458;
		};
		41589F261385D5A40078168C /* PBXContainerItemProxy */ = {
			isa = PBXContainerItemProxy;
			containerPortal = 41589E311385D5990078168C /* cocos2d-ios.xcodeproj */;
			proxyType = 2;
			remoteGlobalIDString = E02BC2CD1270E489006E46A2;
			remoteInfo = Bug624;
		};
		41589F281385D5A40078168C /* PBXContainerItemProxy */ = {
			isa = PBXContainerItemProxy;
			containerPortal = 41589E311385D5990078168C /* cocos2d-ios.xcodeproj */;
			proxyType = 2;
			remoteGlobalIDString = 50CBA48711CBD6FB007B009D;
			remoteInfo = Bug886;
		};
		41589F2A1385D5A40078168C /* PBXContainerItemProxy */ = {
			isa = PBXContainerItemProxy;
			containerPortal = 41589E311385D5990078168C /* cocos2d-ios.xcodeproj */;
			proxyType = 2;
			remoteGlobalIDString = 507C0F0B11D609290075E747;
			remoteInfo = Bug899;
		};
		41589F2C1385D5A40078168C /* PBXContainerItemProxy */ = {
			isa = PBXContainerItemProxy;
			containerPortal = 41589E311385D5990078168C /* cocos2d-ios.xcodeproj */;
			proxyType = 2;
			remoteGlobalIDString = 502BF56911E39CC30030C477;
			remoteInfo = Bug914;
		};
		41589F2E1385D5A40078168C /* PBXContainerItemProxy */ = {
			isa = PBXContainerItemProxy;
			containerPortal = 41589E311385D5990078168C /* cocos2d-ios.xcodeproj */;
			proxyType = 2;
			remoteGlobalIDString = E0BD9270134B744600E71F1D;
			remoteInfo = Bug1159;
		};
		E0B544CE1246B78F00A27025 /* PBXContainerItemProxy */ = {
			isa = PBXContainerItemProxy;
			containerPortal = 29B97313FDCFA39411CA2CEA /* Project object */;
			proxyType = 1;
			remoteGlobalIDString = E0B544B91246B73E00A27025;
			remoteInfo = LvkSprite;
		};
		E0CB7E7B13953F1000A05E24 /* PBXContainerItemProxy */ = {
			isa = PBXContainerItemProxy;
			containerPortal = E0AC3C6F125BD43700D9B00F /* cocos2d-iphone.xcodeproj */;
			proxyType = 1;
			remoteGlobalIDString = 5018F24C0DFDEAC400C013A5;
			remoteInfo = cocos2d;
		};
/* End PBXContainerItemProxy section */

/* Begin PBXFileReference section */
		1D6058910D05DD3D006BFB54 /* LvkSprite.app */ = {isa = PBXFileReference; explicitFileType = wrapper.application; includeInIndex = 0; path = LvkSprite.app; sourceTree = BUILT_PRODUCTS_DIR; };
		3B6A347F124ABE9B002F820D /* README */ = {isa = PBXFileReference; fileEncoding = 4; lastKnownFileType = text; path = README; sourceTree = "<group>"; };
		41589DDB1385D2BD0078168C /* cocos2d-mac.xcodeproj */ = {isa = PBXFileReference; lastKnownFileType = "wrapper.pb-project"; name = "cocos2d-mac.xcodeproj"; path = "../cocos2d-iphone/cocos2d-mac.xcodeproj"; sourceTree = "<group>"; };
		41589E311385D5990078168C /* cocos2d-ios.xcodeproj */ = {isa = PBXFileReference; lastKnownFileType = "wrapper.pb-project"; name = "cocos2d-ios.xcodeproj"; path = "../cocos2d-iphone/cocos2d-ios.xcodeproj"; sourceTree = "<group>"; };
		41922A3D111A68E40058E0DA /* Default.png */ = {isa = PBXFileReference; lastKnownFileType = image.png; name = Default.png; path = Resources/Default.png; sourceTree = "<group>"; };
		41922A3E111A68E40058E0DA /* fps_images.png */ = {isa = PBXFileReference; lastKnownFileType = image.png; name = fps_images.png; path = Resources/fps_images.png; sourceTree = "<group>"; };
		41922A3F111A68E40058E0DA /* Icon.png */ = {isa = PBXFileReference; lastKnownFileType = image.png; name = Icon.png; path = Resources/Icon.png; sourceTree = "<group>"; };
		41922A40111A68E40058E0DA /* ryu.lkob */ = {isa = PBXFileReference; lastKnownFileType = file; name = ryu.lkob; path = Resources/ryu.lkob; sourceTree = "<group>"; };
		41922A41111A68E40058E0DA /* ryu.lkot */ = {isa = PBXFileReference; fileEncoding = 4; lastKnownFileType = text; name = ryu.lkot; path = Resources/ryu.lkot; sourceTree = "<group>"; };
		41922A47111A68F40058E0DA /* LvkSprite.h */ = {isa = PBXFileReference; fileEncoding = 4; lastKnownFileType = sourcecode.c.h; name = LvkSprite.h; path = LvkSprite/LvkSprite.h; sourceTree = "<group>"; };
		41922A48111A68F40058E0DA /* LvkSprite.m */ = {isa = PBXFileReference; fileEncoding = 4; lastKnownFileType = sourcecode.c.objc; name = LvkSprite.m; path = LvkSprite/LvkSprite.m; sourceTree = "<group>"; };
		41922A4C111A69270058E0DA /* LvkSpriteDemoAppDelegate.h */ = {isa = PBXFileReference; fileEncoding = 4; lastKnownFileType = sourcecode.c.h; name = LvkSpriteDemoAppDelegate.h; path = LvkSpriteDemo/LvkSpriteDemoAppDelegate.h; sourceTree = "<group>"; };
		41922A4D111A69270058E0DA /* LvkSpriteDemoAppDelegate.m */ = {isa = PBXFileReference; fileEncoding = 4; lastKnownFileType = sourcecode.c.objc; name = LvkSpriteDemoAppDelegate.m; path = LvkSpriteDemo/LvkSpriteDemoAppDelegate.m; sourceTree = "<group>"; };
		41922A4E111A69270058E0DA /* main.m */ = {isa = PBXFileReference; fileEncoding = 4; lastKnownFileType = sourcecode.c.objc; name = main.m; path = LvkSpriteDemo/main.m; sourceTree = "<group>"; };
		4199EE9511B2D869005919CB /* LvkRepeatAction.m */ = {isa = PBXFileReference; fileEncoding = 4; lastKnownFileType = sourcecode.c.objc; name = LvkRepeatAction.m; path = LvkSprite/LvkRepeatAction.m; sourceTree = "<group>"; };
		4199EE9711B2D88D005919CB /* LvkRepeatAction.h */ = {isa = PBXFileReference; fileEncoding = 4; lastKnownFileType = sourcecode.c.h; name = LvkRepeatAction.h; path = LvkSprite/LvkRepeatAction.h; sourceTree = "<group>"; };
		41DA179111ADF299004277E9 /* ResourcesPath.h */ = {isa = PBXFileReference; fileEncoding = 4; lastKnownFileType = sourcecode.c.h; name = ResourcesPath.h; path = LvkSpriteDemo/ResourcesPath.h; sourceTree = "<group>"; };
		506EDB87102F4C4000A389B3 /* libz.dylib */ = {isa = PBXFileReference; lastKnownFileType = "compiled.mach-o.dylib"; name = libz.dylib; path = usr/lib/libz.dylib; sourceTree = SDKROOT; };
		506EDBA4102F4C9F00A389B3 /* AVFoundation.framework */ = {isa = PBXFileReference; lastKnownFileType = wrapper.framework; name = AVFoundation.framework; path = System/Library/Frameworks/AVFoundation.framework; sourceTree = SDKROOT; };
		8D1107310486CEB800E47090 /* Info.plist */ = {isa = PBXFileReference; fileEncoding = 4; lastKnownFileType = text.plist.xml; path = Info.plist; sourceTree = "<group>"; };
		DC6640020F83B3EA000B3E49 /* AudioToolbox.framework */ = {isa = PBXFileReference; lastKnownFileType = wrapper.framework; name = AudioToolbox.framework; path = System/Library/Frameworks/AudioToolbox.framework; sourceTree = SDKROOT; };
		DC6640040F83B3EA000B3E49 /* OpenAL.framework */ = {isa = PBXFileReference; lastKnownFileType = wrapper.framework; name = OpenAL.framework; path = System/Library/Frameworks/OpenAL.framework; sourceTree = SDKROOT; };
		DCCBF1B60F6022AE0040855A /* CoreGraphics.framework */ = {isa = PBXFileReference; lastKnownFileType = wrapper.framework; name = CoreGraphics.framework; path = System/Library/Frameworks/CoreGraphics.framework; sourceTree = SDKROOT; };
		DCCBF1B80F6022AE0040855A /* Foundation.framework */ = {isa = PBXFileReference; lastKnownFileType = wrapper.framework; name = Foundation.framework; path = System/Library/Frameworks/Foundation.framework; sourceTree = SDKROOT; };
		DCCBF1BA0F6022AE0040855A /* OpenGLES.framework */ = {isa = PBXFileReference; lastKnownFileType = wrapper.framework; name = OpenGLES.framework; path = System/Library/Frameworks/OpenGLES.framework; sourceTree = SDKROOT; };
		DCCBF1BC0F6022AE0040855A /* QuartzCore.framework */ = {isa = PBXFileReference; lastKnownFileType = wrapper.framework; name = QuartzCore.framework; path = System/Library/Frameworks/QuartzCore.framework; sourceTree = SDKROOT; };
		DCCBF1BE0F6022AE0040855A /* UIKit.framework */ = {isa = PBXFileReference; lastKnownFileType = wrapper.framework; name = UIKit.framework; path = System/Library/Frameworks/UIKit.framework; sourceTree = SDKROOT; };
		E00E647812475CEA00575829 /* LvkSprite-Info.plist */ = {isa = PBXFileReference; lastKnownFileType = text.plist.xml; path = "LvkSprite-Info.plist"; sourceTree = "<group>"; };
		E09FABA311E1304600334436 /* common.h */ = {isa = PBXFileReference; fileEncoding = 4; lastKnownFileType = sourcecode.c.h; name = common.h; path = LvkSprite/common.h; sourceTree = "<group>"; };
		E0B5417D124699D700A27025 /* Test.app */ = {isa = PBXFileReference; explicitFileType = wrapper.application; includeInIndex = 0; path = Test.app; sourceTree = BUILT_PRODUCTS_DIR; };
		E0B5417F124699D700A27025 /* Test-Info.plist */ = {isa = PBXFileReference; lastKnownFileType = text.plist.xml; path = "Test-Info.plist"; sourceTree = "<group>"; };
		E0B5419012469AB400A27025 /* GHUnitIPhoneTestMain.m */ = {isa = PBXFileReference; fileEncoding = 4; lastKnownFileType = sourcecode.c.objc; name = GHUnitIPhoneTestMain.m; path = LvkSpriteTest/GHUnitIPhoneTestMain.m; sourceTree = "<group>"; };
		E0B541B712469B8800A27025 /* GHUnitIOS.framework */ = {isa = PBXFileReference; lastKnownFileType = wrapper.framework; name = GHUnitIOS.framework; path = LvkSpriteTest/Frameworks/GHUnitIOS.framework; sourceTree = "<group>"; };
		E0B541D412469C2E00A27025 /* LvkSpriteTest.h */ = {isa = PBXFileReference; fileEncoding = 4; lastKnownFileType = sourcecode.c.h; name = LvkSpriteTest.h; path = LvkSpriteTest/LvkSpriteTest.h; sourceTree = "<group>"; };
		E0B541D512469C2E00A27025 /* LvkSpriteTest.m */ = {isa = PBXFileReference; fileEncoding = 4; lastKnownFileType = sourcecode.c.objc; name = LvkSpriteTest.m; path = LvkSpriteTest/LvkSpriteTest.m; sourceTree = "<group>"; };
		E0B544921246A84600A27025 /* libcocos2d.a */ = {isa = PBXFileReference; lastKnownFileType = archive.ar; name = libcocos2d.a; path = LvkSprite/Frameworks/cocos2d/Simulator/libcocos2d.a; sourceTree = "<group>"; };
		E0B544BA1246B73E00A27025 /* libLvkSprite.a */ = {isa = PBXFileReference; explicitFileType = archive.ar; includeInIndex = 0; path = libLvkSprite.a; sourceTree = BUILT_PRODUCTS_DIR; };
		E0B545A91246C04C00A27025 /* ryu-fixed-frame-size.lkob */ = {isa = PBXFileReference; lastKnownFileType = file; name = "ryu-fixed-frame-size.lkob"; path = "Resources/ryu-fixed-frame-size.lkob"; sourceTree = "<group>"; };
		E0B545AA1246C04C00A27025 /* ryu-fixed-frame-size.lkot */ = {isa = PBXFileReference; fileEncoding = 4; lastKnownFileType = text; name = "ryu-fixed-frame-size.lkot"; path = "Resources/ryu-fixed-frame-size.lkot"; sourceTree = "<group>"; };
/* End PBXFileReference section */

/* Begin PBXFrameworksBuildPhase section */
		1D60588F0D05DD3D006BFB54 /* Frameworks */ = {
			isa = PBXFrameworksBuildPhase;
			buildActionMask = 2147483647;
			files = (
				3BBDC27C12517B000052B8D7 /* libLvkSprite.a in Frameworks */,
				DCCBF1B70F6022AE0040855A /* CoreGraphics.framework in Frameworks */,
				DCCBF1B90F6022AE0040855A /* Foundation.framework in Frameworks */,
				DCCBF1BB0F6022AE0040855A /* OpenGLES.framework in Frameworks */,
				DCCBF1BD0F6022AE0040855A /* QuartzCore.framework in Frameworks */,
				DCCBF1BF0F6022AE0040855A /* UIKit.framework in Frameworks */,
				DC6640030F83B3EA000B3E49 /* AudioToolbox.framework in Frameworks */,
				DC6640050F83B3EA000B3E49 /* OpenAL.framework in Frameworks */,
				506EDB88102F4C4000A389B3 /* libz.dylib in Frameworks */,
				506EDBA5102F4C9F00A389B3 /* AVFoundation.framework in Frameworks */,
			);
			runOnlyForDeploymentPostprocessing = 0;
		};
		E0B5417B124699D700A27025 /* Frameworks */ = {
			isa = PBXFrameworksBuildPhase;
			buildActionMask = 2147483647;
			files = (
				E0B543AD1246A20400A27025 /* CoreGraphics.framework in Frameworks */,
				E0B543AE1246A20400A27025 /* Foundation.framework in Frameworks */,
				E0B543AF1246A20400A27025 /* OpenGLES.framework in Frameworks */,
				E0B543B01246A20400A27025 /* QuartzCore.framework in Frameworks */,
				E0B543B11246A20400A27025 /* UIKit.framework in Frameworks */,
				E0B543B21246A20400A27025 /* AudioToolbox.framework in Frameworks */,
				E0B543B31246A20400A27025 /* OpenAL.framework in Frameworks */,
				E0B543B41246A20400A27025 /* libz.dylib in Frameworks */,
				E0B543B51246A20400A27025 /* AVFoundation.framework in Frameworks */,
				E0B541B812469B8800A27025 /* GHUnitIOS.framework in Frameworks */,
				E0B544D01246B79900A27025 /* libLvkSprite.a in Frameworks */,
			);
			runOnlyForDeploymentPostprocessing = 0;
		};
		E0B544B81246B73E00A27025 /* Frameworks */ = {
			isa = PBXFrameworksBuildPhase;
			buildActionMask = 2147483647;
			files = (
				E0B544BF1246B75E00A27025 /* CoreGraphics.framework in Frameworks */,
				E0B544C01246B75E00A27025 /* Foundation.framework in Frameworks */,
				E0B544C11246B75E00A27025 /* OpenGLES.framework in Frameworks */,
				E0B544C21246B75E00A27025 /* QuartzCore.framework in Frameworks */,
				E0B544C31246B75E00A27025 /* UIKit.framework in Frameworks */,
				E0B544C41246B75E00A27025 /* AudioToolbox.framework in Frameworks */,
				E0B544C51246B75E00A27025 /* OpenAL.framework in Frameworks */,
				E0B544C61246B75E00A27025 /* libz.dylib in Frameworks */,
				E0B544C71246B75E00A27025 /* AVFoundation.framework in Frameworks */,
				E0AC3E60125BE25F00D9B00F /* libcocos2d.a in Frameworks */,
			);
			runOnlyForDeploymentPostprocessing = 0;
		};
/* End PBXFrameworksBuildPhase section */

/* Begin PBXGroup section */
		19C28FACFE9D520D11CA2CBB /* Products */ = {
			isa = PBXGroup;
			children = (
				1D6058910D05DD3D006BFB54 /* LvkSprite.app */,
				E0B5417D124699D700A27025 /* Test.app */,
				E0B544BA1246B73E00A27025 /* libLvkSprite.a */,
			);
			name = Products;
			sourceTree = "<group>";
		};
		29B97314FDCFA39411CA2CEA /* CustomTemplate */ = {
			isa = PBXGroup;
			children = (
				41589E311385D5990078168C /* cocos2d-ios.xcodeproj */,
				41589DDB1385D2BD0078168C /* cocos2d-mac.xcodeproj */,
				3B6A347F124ABE9B002F820D /* README */,
				E0B5418F12469A9900A27025 /* LvkSpriteTest */,
				41922A4A111A69070058E0DA /* LvkSprite Demo App Sources */,
				29B97315FDCFA39411CA2CEA /* LvkSprite Sources */,
				29B97317FDCFA39411CA2CEA /* Resources */,
				29B97323FDCFA39411CA2CEA /* Frameworks */,
				19C28FACFE9D520D11CA2CBB /* Products */,
				E0B5417F124699D700A27025 /* Test-Info.plist */,
				E00E647812475CEA00575829 /* LvkSprite-Info.plist */,
			);
			name = CustomTemplate;
			sourceTree = "<group>";
		};
		29B97315FDCFA39411CA2CEA /* LvkSprite Sources */ = {
			isa = PBXGroup;
			children = (
				E09FABA311E1304600334436 /* common.h */,
				41922A47111A68F40058E0DA /* LvkSprite.h */,
				41922A48111A68F40058E0DA /* LvkSprite.m */,
				4199EE9711B2D88D005919CB /* LvkRepeatAction.h */,
				4199EE9511B2D869005919CB /* LvkRepeatAction.m */,
			);
			name = "LvkSprite Sources";
			sourceTree = "<group>";
		};
		29B97317FDCFA39411CA2CEA /* Resources */ = {
			isa = PBXGroup;
			children = (
				E0B545A91246C04C00A27025 /* ryu-fixed-frame-size.lkob */,
				E0B545AA1246C04C00A27025 /* ryu-fixed-frame-size.lkot */,
				41922A3D111A68E40058E0DA /* Default.png */,
				41922A3E111A68E40058E0DA /* fps_images.png */,
				41922A3F111A68E40058E0DA /* Icon.png */,
				41922A40111A68E40058E0DA /* ryu.lkob */,
				41922A41111A68E40058E0DA /* ryu.lkot */,
				8D1107310486CEB800E47090 /* Info.plist */,
			);
			name = Resources;
			sourceTree = "<group>";
		};
		29B97323FDCFA39411CA2CEA /* Frameworks */ = {
			isa = PBXGroup;
			children = (
				E0B541B712469B8800A27025 /* GHUnitIOS.framework */,
				DCCBF1B60F6022AE0040855A /* CoreGraphics.framework */,
				DCCBF1B80F6022AE0040855A /* Foundation.framework */,
				DCCBF1BA0F6022AE0040855A /* OpenGLES.framework */,
				DCCBF1BC0F6022AE0040855A /* QuartzCore.framework */,
				DCCBF1BE0F6022AE0040855A /* UIKit.framework */,
				DC6640040F83B3EA000B3E49 /* OpenAL.framework */,
				DC6640020F83B3EA000B3E49 /* AudioToolbox.framework */,
				506EDB87102F4C4000A389B3 /* libz.dylib */,
				506EDBA4102F4C9F00A389B3 /* AVFoundation.framework */,
				E0B544921246A84600A27025 /* libcocos2d.a */,
			);
			name = Frameworks;
			sourceTree = "<group>";
		};
		41589DDC1385D2BD0078168C /* Products */ = {
			isa = PBXGroup;
			children = (
				41589E061385D2C20078168C /* libcocos2d.a */,
				41589E081385D2C20078168C /* libBox2D.a */,
				41589E0A1385D2C20078168C /* libChipmunk.a */,
				41589E0C1385D2C20078168C /* libCocosDenshion.a */,
				41589E0E1385D2C20078168C /* liblibpng.a */,
				41589E101385D2C20078168C /* ActionTest.app */,
				41589E121385D2C20078168C /* ActionEaseTest.app */,
				41589E141385D2C20078168C /* DrawingPrimitivesTest.app */,
				41589E161385D2C20078168C /* EffectsAdvacedTest.app */,
				41589E181385D2C20078168C /* EventsTest.app */,
				41589E1A1385D2C20078168C /* FullScreenTest.app */,
				41589E1C1385D2C20078168C /* MenuTest.app */,
				41589E1E1385D2C20078168C /* LabelTest.app */,
				41589E201385D2C20078168C /* ParallaxTest.app */,
				41589E221385D2C20078168C /* ParticleTest.app */,
				41589E241385D2C20078168C /* RenderTextureTest.app */,
				41589E261385D2C20078168C /* SpriteTest.app */,
				41589E281385D2C20078168C /* TextureTest.app */,
				41589E2A1385D2C20078168C /* TiledMapTest.app */,
				41589E2C1385D2C20078168C /* TransitionTest.app */,
			);
			name = Products;
			sourceTree = "<group>";
		};
		41589E321385D5990078168C /* Products */ = {
			isa = PBXGroup;
			children = (
				41589EAF1385D5A40078168C /* libbuild all tests.a */,
				41589EB11385D5A40078168C /* libbox2d.a */,
				41589EB31385D5A40078168C /* libChipmunk.a */,
				41589EB51385D5A40078168C /* libcocos2d.a */,
				41589EB71385D5A40078168C /* libcocos2d-documentation.a */,
				41589EB91385D5A40078168C /* libCocosDenshion.a */,
				41589EBB1385D5A40078168C /* libcocos Live.a */,
				41589EBD1385D5A40078168C /* libFontLabel.a */,
				41589EBF1385D5A40078168C /* liblibpng.a */,
				41589EC11385D5A40078168C /* libTouchJSON.a */,
				41589EC31385D5A40078168C /* libvorbis.a */,
				41589EC51385D5A40078168C /* ActionManagerTest.app */,
				41589EC71385D5A40078168C /* ActionsTest.app */,
				41589EC91385D5A40078168C /* ActionsWithBlocksSample.app */,
				41589ECB1385D5A40078168C /* AttachTest.app */,
				41589ECD1385D5A40078168C /* Box2dAccelTouchTest.app */,
				41589ECF1385D5A40078168C /* Box2dTestBed.app */,
				41589ED11385D5A40078168C /* ChipmunkAccelTouchTest.app */,
				41589ED31385D5A40078168C /* ChipmunkTest.app */,
				41589ED51385D5A40078168C /* ClickAndMoveTest.app */,
				41589ED71385D5A40078168C /* CocosDenshion - Tom The Turret.app */,
				41589ED91385D5A40078168C /* CocosDenshion - Drum Pad.app */,
				41589EDB1385D5A40078168C /* CocosDenshion - Fade To Grey.app */,
				41589EDD1385D5A40078168C /* CocosDenshion - FancyRat Metering Demo.app */,
				41589EDF1385D5A40078168C /* cocosLiveTest.app */,
				41589EE11385D5A40078168C /* cocosnodeTest.app */,
				41589EE31385D5A40078168C /* DirectorTest.app */,
				41589EE51385D5A40078168C /* drawPrimitivesTest.app */,
				41589EE71385D5A40078168C /* EAGLViewTest.app */,
				41589EE91385D5A40078168C /* EaseActionsTest.app */,
				41589EEB1385D5A40078168C /* EffectsTest.app */,
				41589EED1385D5A40078168C /* EffectsAdvancedTest.app */,
				41589EEF1385D5A40078168C /* FontTest.app */,
				41589EF11385D5A40078168C /* IntervalTest.app */,
				41589EF31385D5A40078168C /* HiResTest.app */,
				41589EF51385D5A40078168C /* LabelTest.app */,
				41589EF71385D5A40078168C /* LayerTest.app */,
				41589EF91385D5A40078168C /* MenuTest.app */,
				41589EFB1385D5A40078168C /* MenuTestWithBlocks.app */,
				41589EFD1385D5A40078168C /* MotionStreakTest.app */,
				41589EFF1385D5A40078168C /* ParallaxTest.app */,
				41589F011385D5A40078168C /* ParticleTest.app */,
				41589F031385D5A40078168C /* SoundEngineTest.app */,
				41589F051385D5A40078168C /* ProgressActionsTest.app */,
				41589F071385D5A40078168C /* RenderTextureTest.app */,
				41589F091385D5A40078168C /* RotateWorldTest.app */,
				41589F0B1385D5A40078168C /* SceneTest.app */,
				41589F0D1385D5A40078168C /* SchedulerTest.app */,
				41589F0F1385D5A40078168C /* SpriteTest.app */,
				41589F111385D5A40078168C /* Texture2dTest.app */,
				41589F131385D5A40078168C /* TileMapTest.app */,
				41589F151385D5A40078168C /* TouchesTest.app */,
				41589F171385D5A40078168C /* TransitionsTest.app */,
				41589F191385D5A40078168C /* ZwoptexTest.app */,
				41589F1B1385D5A40078168C /* HelloWorldSample.app */,
				41589F1D1385D5A40078168C /* HelloActionsSample.app */,
				41589F1F1385D5A40078168C /* HelloEventsSample.app */,
				41589F211385D5A40078168C /* Bug350.app */,
				41589F231385D5A40078168C /* Bug422.app */,
				41589F251385D5A40078168C /* Bug458.app */,
				41589F271385D5A40078168C /* Bug624.app */,
				41589F291385D5A40078168C /* Bug886.app */,
				41589F2B1385D5A40078168C /* Bug899.app */,
				41589F2D1385D5A40078168C /* Bug914.app */,
				41589F2F1385D5A40078168C /* Bug1159.app */,
			);
			name = Products;
			sourceTree = "<group>";
		};
		41922A4A111A69070058E0DA /* LvkSprite Demo App Sources */ = {
			isa = PBXGroup;
			children = (
				41DA179111ADF299004277E9 /* ResourcesPath.h */,
				41922A4C111A69270058E0DA /* LvkSpriteDemoAppDelegate.h */,
				41922A4D111A69270058E0DA /* LvkSpriteDemoAppDelegate.m */,
				41922A4E111A69270058E0DA /* main.m */,
			);
			name = "LvkSprite Demo App Sources";
			sourceTree = "<group>";
		};
		E0B5418F12469A9900A27025 /* LvkSpriteTest */ = {
			isa = PBXGroup;
			children = (
				E0B541D412469C2E00A27025 /* LvkSpriteTest.h */,
				E0B541D512469C2E00A27025 /* LvkSpriteTest.m */,
				E0B5419012469AB400A27025 /* GHUnitIPhoneTestMain.m */,
			);
			name = LvkSpriteTest;
			sourceTree = "<group>";
		};
/* End PBXGroup section */

/* Begin PBXHeadersBuildPhase section */
		E0B544B61246B73E00A27025 /* Headers */ = {
			isa = PBXHeadersBuildPhase;
			buildActionMask = 2147483647;
			files = (
			);
			runOnlyForDeploymentPostprocessing = 0;
		};
/* End PBXHeadersBuildPhase section */

/* Begin PBXNativeTarget section */
		1D6058900D05DD3D006BFB54 /* LvkSpriteProject */ = {
			isa = PBXNativeTarget;
			buildConfigurationList = 1D6058960D05DD3E006BFB54 /* Build configuration list for PBXNativeTarget "LvkSpriteProject" */;
			buildPhases = (
				1D60588D0D05DD3D006BFB54 /* Resources */,
				1D60588E0D05DD3D006BFB54 /* Sources */,
				1D60588F0D05DD3D006BFB54 /* Frameworks */,
			);
			buildRules = (
			);
			dependencies = (
				3BBDC27312517ADB0052B8D7 /* PBXTargetDependency */,
			);
			name = LvkSpriteProject;
			productName = display_bin2image;
			productReference = 1D6058910D05DD3D006BFB54 /* LvkSprite.app */;
			productType = "com.apple.product-type.application";
		};
		E0B5417C124699D700A27025 /* Test */ = {
			isa = PBXNativeTarget;
			buildConfigurationList = E0B54182124699D700A27025 /* Build configuration list for PBXNativeTarget "Test" */;
			buildPhases = (
				E0B54179124699D700A27025 /* Resources */,
				E0B5417A124699D700A27025 /* Sources */,
				E0B5417B124699D700A27025 /* Frameworks */,
			);
			buildRules = (
			);
			dependencies = (
				E0B544CF1246B78F00A27025 /* PBXTargetDependency */,
			);
			name = Test;
			productName = Test;
			productReference = E0B5417D124699D700A27025 /* Test.app */;
			productType = "com.apple.product-type.application";
		};
		E0B544B91246B73E00A27025 /* LvkSprite */ = {
			isa = PBXNativeTarget;
			buildConfigurationList = E0B544BD1246B75D00A27025 /* Build configuration list for PBXNativeTarget "LvkSprite" */;
			buildPhases = (
				E0B544B61246B73E00A27025 /* Headers */,
				E0B544B71246B73E00A27025 /* Sources */,
				E0B544B81246B73E00A27025 /* Frameworks */,
			);
			buildRules = (
			);
			dependencies = (
				41589E301385D2D40078168C /* PBXTargetDependency */,
				41589E2E1385D2D10078168C /* PBXTargetDependency */,
			);
			name = LvkSprite;
			productName = LvkSprite;
			productReference = E0B544BA1246B73E00A27025 /* libLvkSprite.a */;
			productType = "com.apple.product-type.library.static";
		};
/* End PBXNativeTarget section */

/* Begin PBXProject section */
		29B97313FDCFA39411CA2CEA /* Project object */ = {
			isa = PBXProject;
			buildConfigurationList = C01FCF4E08A954540054247B /* Build configuration list for PBXProject "LvkSpriteProject" */;
			compatibilityVersion = "Xcode 3.1";
			developmentRegion = English;
			hasScannedForEncodings = 1;
			knownRegions = (
				English,
				Japanese,
				French,
				German,
			);
			mainGroup = 29B97314FDCFA39411CA2CEA /* CustomTemplate */;
			projectDirPath = "";
			projectReferences = (
				{
					ProductGroup = 41589E321385D5990078168C /* Products */;
					ProjectRef = 41589E311385D5990078168C /* cocos2d-ios.xcodeproj */;
				},
				{
					ProductGroup = 41589DDC1385D2BD0078168C /* Products */;
					ProjectRef = 41589DDB1385D2BD0078168C /* cocos2d-mac.xcodeproj */;
				},
			);
			projectRoot = "";
			targets = (
				1D6058900D05DD3D006BFB54 /* LvkSpriteProject */,
				E0B5417C124699D700A27025 /* Test */,
				E0B544B91246B73E00A27025 /* LvkSprite */,
			);
		};
/* End PBXProject section */

/* Begin PBXReferenceProxy section */
		41589E061385D2C20078168C /* libcocos2d.a */ = {
			isa = PBXReferenceProxy;
			fileType = archive.ar;
			path = libcocos2d.a;
			remoteRef = 41589E051385D2C20078168C /* PBXContainerItemProxy */;
			sourceTree = BUILT_PRODUCTS_DIR;
		};
		41589E081385D2C20078168C /* libBox2D.a */ = {
			isa = PBXReferenceProxy;
			fileType = archive.ar;
			path = libBox2D.a;
			remoteRef = 41589E071385D2C20078168C /* PBXContainerItemProxy */;
			sourceTree = BUILT_PRODUCTS_DIR;
		};
		41589E0A1385D2C20078168C /* libChipmunk.a */ = {
			isa = PBXReferenceProxy;
			fileType = archive.ar;
			path = libChipmunk.a;
			remoteRef = 41589E091385D2C20078168C /* PBXContainerItemProxy */;
			sourceTree = BUILT_PRODUCTS_DIR;
		};
		41589E0C1385D2C20078168C /* libCocosDenshion.a */ = {
			isa = PBXReferenceProxy;
			fileType = archive.ar;
			path = libCocosDenshion.a;
			remoteRef = 41589E0B1385D2C20078168C /* PBXContainerItemProxy */;
			sourceTree = BUILT_PRODUCTS_DIR;
		};
		41589E0E1385D2C20078168C /* liblibpng.a */ = {
			isa = PBXReferenceProxy;
			fileType = archive.ar;
			path = liblibpng.a;
			remoteRef = 41589E0D1385D2C20078168C /* PBXContainerItemProxy */;
			sourceTree = BUILT_PRODUCTS_DIR;
		};
		41589E101385D2C20078168C /* ActionTest.app */ = {
			isa = PBXReferenceProxy;
			fileType = wrapper.application;
			path = ActionTest.app;
			remoteRef = 41589E0F1385D2C20078168C /* PBXContainerItemProxy */;
			sourceTree = BUILT_PRODUCTS_DIR;
		};
		41589E121385D2C20078168C /* ActionEaseTest.app */ = {
			isa = PBXReferenceProxy;
			fileType = wrapper.application;
			path = ActionEaseTest.app;
			remoteRef = 41589E111385D2C20078168C /* PBXContainerItemProxy */;
			sourceTree = BUILT_PRODUCTS_DIR;
		};
		41589E141385D2C20078168C /* DrawingPrimitivesTest.app */ = {
			isa = PBXReferenceProxy;
			fileType = wrapper.application;
			path = DrawingPrimitivesTest.app;
			remoteRef = 41589E131385D2C20078168C /* PBXContainerItemProxy */;
			sourceTree = BUILT_PRODUCTS_DIR;
		};
		41589E161385D2C20078168C /* EffectsAdvacedTest.app */ = {
			isa = PBXReferenceProxy;
			fileType = wrapper.application;
			path = EffectsAdvacedTest.app;
			remoteRef = 41589E151385D2C20078168C /* PBXContainerItemProxy */;
			sourceTree = BUILT_PRODUCTS_DIR;
		};
		41589E181385D2C20078168C /* EventsTest.app */ = {
			isa = PBXReferenceProxy;
			fileType = wrapper.application;
			path = EventsTest.app;
			remoteRef = 41589E171385D2C20078168C /* PBXContainerItemProxy */;
			sourceTree = BUILT_PRODUCTS_DIR;
		};
		41589E1A1385D2C20078168C /* FullScreenTest.app */ = {
			isa = PBXReferenceProxy;
			fileType = wrapper.application;
			path = FullScreenTest.app;
			remoteRef = 41589E191385D2C20078168C /* PBXContainerItemProxy */;
			sourceTree = BUILT_PRODUCTS_DIR;
		};
		41589E1C1385D2C20078168C /* MenuTest.app */ = {
			isa = PBXReferenceProxy;
			fileType = wrapper.application;
			path = MenuTest.app;
			remoteRef = 41589E1B1385D2C20078168C /* PBXContainerItemProxy */;
			sourceTree = BUILT_PRODUCTS_DIR;
		};
		41589E1E1385D2C20078168C /* LabelTest.app */ = {
			isa = PBXReferenceProxy;
			fileType = wrapper.application;
			path = LabelTest.app;
			remoteRef = 41589E1D1385D2C20078168C /* PBXContainerItemProxy */;
			sourceTree = BUILT_PRODUCTS_DIR;
		};
		41589E201385D2C20078168C /* ParallaxTest.app */ = {
			isa = PBXReferenceProxy;
			fileType = wrapper.application;
			path = ParallaxTest.app;
			remoteRef = 41589E1F1385D2C20078168C /* PBXContainerItemProxy */;
			sourceTree = BUILT_PRODUCTS_DIR;
		};
		41589E221385D2C20078168C /* ParticleTest.app */ = {
			isa = PBXReferenceProxy;
			fileType = wrapper.application;
			path = ParticleTest.app;
			remoteRef = 41589E211385D2C20078168C /* PBXContainerItemProxy */;
			sourceTree = BUILT_PRODUCTS_DIR;
		};
		41589E241385D2C20078168C /* RenderTextureTest.app */ = {
			isa = PBXReferenceProxy;
			fileType = wrapper.application;
			path = RenderTextureTest.app;
			remoteRef = 41589E231385D2C20078168C /* PBXContainerItemProxy */;
			sourceTree = BUILT_PRODUCTS_DIR;
		};
		41589E261385D2C20078168C /* SpriteTest.app */ = {
			isa = PBXReferenceProxy;
			fileType = wrapper.application;
			path = SpriteTest.app;
			remoteRef = 41589E251385D2C20078168C /* PBXContainerItemProxy */;
			sourceTree = BUILT_PRODUCTS_DIR;
		};
		41589E281385D2C20078168C /* TextureTest.app */ = {
			isa = PBXReferenceProxy;
			fileType = wrapper.application;
			path = TextureTest.app;
			remoteRef = 41589E271385D2C20078168C /* PBXContainerItemProxy */;
			sourceTree = BUILT_PRODUCTS_DIR;
		};
		41589E2A1385D2C20078168C /* TiledMapTest.app */ = {
			isa = PBXReferenceProxy;
			fileType = wrapper.application;
			path = TiledMapTest.app;
			remoteRef = 41589E291385D2C20078168C /* PBXContainerItemProxy */;
			sourceTree = BUILT_PRODUCTS_DIR;
		};
		41589E2C1385D2C20078168C /* TransitionTest.app */ = {
			isa = PBXReferenceProxy;
			fileType = wrapper.application;
			path = TransitionTest.app;
			remoteRef = 41589E2B1385D2C20078168C /* PBXContainerItemProxy */;
			sourceTree = BUILT_PRODUCTS_DIR;
		};
		41589EAF1385D5A40078168C /* libbuild all tests.a */ = {
			isa = PBXReferenceProxy;
			fileType = archive.ar;
			path = "libbuild all tests.a";
			remoteRef = 41589EAE1385D5A40078168C /* PBXContainerItemProxy */;
			sourceTree = BUILT_PRODUCTS_DIR;
		};
		41589EB11385D5A40078168C /* libbox2d.a */ = {
			isa = PBXReferenceProxy;
			fileType = archive.ar;
			path = libbox2d.a;
			remoteRef = 41589EB01385D5A40078168C /* PBXContainerItemProxy */;
			sourceTree = BUILT_PRODUCTS_DIR;
		};
		41589EB31385D5A40078168C /* libChipmunk.a */ = {
			isa = PBXReferenceProxy;
			fileType = archive.ar;
			path = libChipmunk.a;
			remoteRef = 41589EB21385D5A40078168C /* PBXContainerItemProxy */;
			sourceTree = BUILT_PRODUCTS_DIR;
		};
		41589EB51385D5A40078168C /* libcocos2d.a */ = {
			isa = PBXReferenceProxy;
			fileType = archive.ar;
			path = libcocos2d.a;
			remoteRef = 41589EB41385D5A40078168C /* PBXContainerItemProxy */;
			sourceTree = BUILT_PRODUCTS_DIR;
		};
		41589EB71385D5A40078168C /* libcocos2d-documentation.a */ = {
			isa = PBXReferenceProxy;
			fileType = archive.ar;
			path = "libcocos2d-documentation.a";
			remoteRef = 41589EB61385D5A40078168C /* PBXContainerItemProxy */;
			sourceTree = BUILT_PRODUCTS_DIR;
		};
		41589EB91385D5A40078168C /* libCocosDenshion.a */ = {
			isa = PBXReferenceProxy;
			fileType = archive.ar;
			path = libCocosDenshion.a;
			remoteRef = 41589EB81385D5A40078168C /* PBXContainerItemProxy */;
			sourceTree = BUILT_PRODUCTS_DIR;
		};
		41589EBB1385D5A40078168C /* libcocos Live.a */ = {
			isa = PBXReferenceProxy;
			fileType = archive.ar;
			path = "libcocos Live.a";
			remoteRef = 41589EBA1385D5A40078168C /* PBXContainerItemProxy */;
			sourceTree = BUILT_PRODUCTS_DIR;
		};
		41589EBD1385D5A40078168C /* libFontLabel.a */ = {
			isa = PBXReferenceProxy;
			fileType = archive.ar;
			path = libFontLabel.a;
			remoteRef = 41589EBC1385D5A40078168C /* PBXContainerItemProxy */;
			sourceTree = BUILT_PRODUCTS_DIR;
		};
		41589EBF1385D5A40078168C /* liblibpng.a */ = {
			isa = PBXReferenceProxy;
			fileType = archive.ar;
			path = liblibpng.a;
			remoteRef = 41589EBE1385D5A40078168C /* PBXContainerItemProxy */;
			sourceTree = BUILT_PRODUCTS_DIR;
		};
		41589EC11385D5A40078168C /* libTouchJSON.a */ = {
			isa = PBXReferenceProxy;
			fileType = archive.ar;
			path = libTouchJSON.a;
			remoteRef = 41589EC01385D5A40078168C /* PBXContainerItemProxy */;
			sourceTree = BUILT_PRODUCTS_DIR;
		};
		41589EC31385D5A40078168C /* libvorbis.a */ = {
			isa = PBXReferenceProxy;
			fileType = archive.ar;
			path = libvorbis.a;
			remoteRef = 41589EC21385D5A40078168C /* PBXContainerItemProxy */;
			sourceTree = BUILT_PRODUCTS_DIR;
		};
		41589EC51385D5A40078168C /* ActionManagerTest.app */ = {
			isa = PBXReferenceProxy;
			fileType = wrapper.application;
			path = ActionManagerTest.app;
			remoteRef = 41589EC41385D5A40078168C /* PBXContainerItemProxy */;
			sourceTree = BUILT_PRODUCTS_DIR;
		};
		41589EC71385D5A40078168C /* ActionsTest.app */ = {
			isa = PBXReferenceProxy;
			fileType = wrapper.application;
			path = ActionsTest.app;
			remoteRef = 41589EC61385D5A40078168C /* PBXContainerItemProxy */;
			sourceTree = BUILT_PRODUCTS_DIR;
		};
		41589EC91385D5A40078168C /* ActionsWithBlocksSample.app */ = {
			isa = PBXReferenceProxy;
			fileType = wrapper.application;
			path = ActionsWithBlocksSample.app;
			remoteRef = 41589EC81385D5A40078168C /* PBXContainerItemProxy */;
			sourceTree = BUILT_PRODUCTS_DIR;
		};
		41589ECB1385D5A40078168C /* AttachTest.app */ = {
			isa = PBXReferenceProxy;
			fileType = wrapper.application;
			path = AttachTest.app;
			remoteRef = 41589ECA1385D5A40078168C /* PBXContainerItemProxy */;
			sourceTree = BUILT_PRODUCTS_DIR;
		};
		41589ECD1385D5A40078168C /* Box2dAccelTouchTest.app */ = {
			isa = PBXReferenceProxy;
			fileType = wrapper.application;
			path = Box2dAccelTouchTest.app;
			remoteRef = 41589ECC1385D5A40078168C /* PBXContainerItemProxy */;
			sourceTree = BUILT_PRODUCTS_DIR;
		};
		41589ECF1385D5A40078168C /* Box2dTestBed.app */ = {
			isa = PBXReferenceProxy;
			fileType = wrapper.application;
			path = Box2dTestBed.app;
			remoteRef = 41589ECE1385D5A40078168C /* PBXContainerItemProxy */;
			sourceTree = BUILT_PRODUCTS_DIR;
		};
		41589ED11385D5A40078168C /* ChipmunkAccelTouchTest.app */ = {
			isa = PBXReferenceProxy;
			fileType = wrapper.application;
			path = ChipmunkAccelTouchTest.app;
			remoteRef = 41589ED01385D5A40078168C /* PBXContainerItemProxy */;
			sourceTree = BUILT_PRODUCTS_DIR;
		};
		41589ED31385D5A40078168C /* ChipmunkTest.app */ = {
			isa = PBXReferenceProxy;
			fileType = wrapper.application;
			path = ChipmunkTest.app;
			remoteRef = 41589ED21385D5A40078168C /* PBXContainerItemProxy */;
			sourceTree = BUILT_PRODUCTS_DIR;
		};
		41589ED51385D5A40078168C /* ClickAndMoveTest.app */ = {
			isa = PBXReferenceProxy;
			fileType = wrapper.application;
			path = ClickAndMoveTest.app;
			remoteRef = 41589ED41385D5A40078168C /* PBXContainerItemProxy */;
			sourceTree = BUILT_PRODUCTS_DIR;
		};
		41589ED71385D5A40078168C /* CocosDenshion - Tom The Turret.app */ = {
			isa = PBXReferenceProxy;
			fileType = wrapper.application;
			path = "CocosDenshion - Tom The Turret.app";
			remoteRef = 41589ED61385D5A40078168C /* PBXContainerItemProxy */;
			sourceTree = BUILT_PRODUCTS_DIR;
		};
		41589ED91385D5A40078168C /* CocosDenshion - Drum Pad.app */ = {
			isa = PBXReferenceProxy;
			fileType = wrapper.application;
			path = "CocosDenshion - Drum Pad.app";
			remoteRef = 41589ED81385D5A40078168C /* PBXContainerItemProxy */;
			sourceTree = BUILT_PRODUCTS_DIR;
		};
		41589EDB1385D5A40078168C /* CocosDenshion - Fade To Grey.app */ = {
			isa = PBXReferenceProxy;
			fileType = wrapper.application;
			path = "CocosDenshion - Fade To Grey.app";
			remoteRef = 41589EDA1385D5A40078168C /* PBXContainerItemProxy */;
			sourceTree = BUILT_PRODUCTS_DIR;
		};
		41589EDD1385D5A40078168C /* CocosDenshion - FancyRat Metering Demo.app */ = {
			isa = PBXReferenceProxy;
			fileType = wrapper.application;
			path = "CocosDenshion - FancyRat Metering Demo.app";
			remoteRef = 41589EDC1385D5A40078168C /* PBXContainerItemProxy */;
			sourceTree = BUILT_PRODUCTS_DIR;
		};
		41589EDF1385D5A40078168C /* cocosLiveTest.app */ = {
			isa = PBXReferenceProxy;
			fileType = wrapper.application;
			path = cocosLiveTest.app;
			remoteRef = 41589EDE1385D5A40078168C /* PBXContainerItemProxy */;
			sourceTree = BUILT_PRODUCTS_DIR;
		};
		41589EE11385D5A40078168C /* cocosnodeTest.app */ = {
			isa = PBXReferenceProxy;
			fileType = wrapper.application;
			path = cocosnodeTest.app;
			remoteRef = 41589EE01385D5A40078168C /* PBXContainerItemProxy */;
			sourceTree = BUILT_PRODUCTS_DIR;
		};
		41589EE31385D5A40078168C /* DirectorTest.app */ = {
			isa = PBXReferenceProxy;
			fileType = wrapper.application;
			path = DirectorTest.app;
			remoteRef = 41589EE21385D5A40078168C /* PBXContainerItemProxy */;
			sourceTree = BUILT_PRODUCTS_DIR;
		};
		41589EE51385D5A40078168C /* drawPrimitivesTest.app */ = {
			isa = PBXReferenceProxy;
			fileType = wrapper.application;
			path = drawPrimitivesTest.app;
			remoteRef = 41589EE41385D5A40078168C /* PBXContainerItemProxy */;
			sourceTree = BUILT_PRODUCTS_DIR;
		};
		41589EE71385D5A40078168C /* EAGLViewTest.app */ = {
			isa = PBXReferenceProxy;
			fileType = wrapper.application;
			path = EAGLViewTest.app;
			remoteRef = 41589EE61385D5A40078168C /* PBXContainerItemProxy */;
			sourceTree = BUILT_PRODUCTS_DIR;
		};
		41589EE91385D5A40078168C /* EaseActionsTest.app */ = {
			isa = PBXReferenceProxy;
			fileType = wrapper.application;
			path = EaseActionsTest.app;
			remoteRef = 41589EE81385D5A40078168C /* PBXContainerItemProxy */;
			sourceTree = BUILT_PRODUCTS_DIR;
		};
		41589EEB1385D5A40078168C /* EffectsTest.app */ = {
			isa = PBXReferenceProxy;
			fileType = wrapper.application;
			path = EffectsTest.app;
			remoteRef = 41589EEA1385D5A40078168C /* PBXContainerItemProxy */;
			sourceTree = BUILT_PRODUCTS_DIR;
		};
		41589EED1385D5A40078168C /* EffectsAdvancedTest.app */ = {
			isa = PBXReferenceProxy;
			fileType = wrapper.application;
			path = EffectsAdvancedTest.app;
			remoteRef = 41589EEC1385D5A40078168C /* PBXContainerItemProxy */;
			sourceTree = BUILT_PRODUCTS_DIR;
		};
		41589EEF1385D5A40078168C /* FontTest.app */ = {
			isa = PBXReferenceProxy;
			fileType = wrapper.application;
			path = FontTest.app;
			remoteRef = 41589EEE1385D5A40078168C /* PBXContainerItemProxy */;
			sourceTree = BUILT_PRODUCTS_DIR;
		};
		41589EF11385D5A40078168C /* IntervalTest.app */ = {
			isa = PBXReferenceProxy;
			fileType = wrapper.application;
			path = IntervalTest.app;
			remoteRef = 41589EF01385D5A40078168C /* PBXContainerItemProxy */;
			sourceTree = BUILT_PRODUCTS_DIR;
		};
		41589EF31385D5A40078168C /* HiResTest.app */ = {
			isa = PBXReferenceProxy;
			fileType = wrapper.application;
			path = HiResTest.app;
			remoteRef = 41589EF21385D5A40078168C /* PBXContainerItemProxy */;
			sourceTree = BUILT_PRODUCTS_DIR;
		};
		41589EF51385D5A40078168C /* LabelTest.app */ = {
			isa = PBXReferenceProxy;
			fileType = wrapper.application;
			path = LabelTest.app;
			remoteRef = 41589EF41385D5A40078168C /* PBXContainerItemProxy */;
			sourceTree = BUILT_PRODUCTS_DIR;
		};
		41589EF71385D5A40078168C /* LayerTest.app */ = {
			isa = PBXReferenceProxy;
			fileType = wrapper.application;
			path = LayerTest.app;
			remoteRef = 41589EF61385D5A40078168C /* PBXContainerItemProxy */;
			sourceTree = BUILT_PRODUCTS_DIR;
		};
		41589EF91385D5A40078168C /* MenuTest.app */ = {
			isa = PBXReferenceProxy;
			fileType = wrapper.application;
			path = MenuTest.app;
			remoteRef = 41589EF81385D5A40078168C /* PBXContainerItemProxy */;
			sourceTree = BUILT_PRODUCTS_DIR;
		};
		41589EFB1385D5A40078168C /* MenuTestWithBlocks.app */ = {
			isa = PBXReferenceProxy;
			fileType = wrapper.application;
			path = MenuTestWithBlocks.app;
			remoteRef = 41589EFA1385D5A40078168C /* PBXContainerItemProxy */;
			sourceTree = BUILT_PRODUCTS_DIR;
		};
		41589EFD1385D5A40078168C /* MotionStreakTest.app */ = {
			isa = PBXReferenceProxy;
			fileType = wrapper.application;
			path = MotionStreakTest.app;
			remoteRef = 41589EFC1385D5A40078168C /* PBXContainerItemProxy */;
			sourceTree = BUILT_PRODUCTS_DIR;
		};
		41589EFF1385D5A40078168C /* ParallaxTest.app */ = {
			isa = PBXReferenceProxy;
			fileType = wrapper.application;
			path = ParallaxTest.app;
			remoteRef = 41589EFE1385D5A40078168C /* PBXContainerItemProxy */;
			sourceTree = BUILT_PRODUCTS_DIR;
		};
		41589F011385D5A40078168C /* ParticleTest.app */ = {
			isa = PBXReferenceProxy;
			fileType = wrapper.application;
			path = ParticleTest.app;
			remoteRef = 41589F001385D5A40078168C /* PBXContainerItemProxy */;
			sourceTree = BUILT_PRODUCTS_DIR;
		};
		41589F031385D5A40078168C /* SoundEngineTest.app */ = {
			isa = PBXReferenceProxy;
			fileType = wrapper.application;
			path = SoundEngineTest.app;
			remoteRef = 41589F021385D5A40078168C /* PBXContainerItemProxy */;
			sourceTree = BUILT_PRODUCTS_DIR;
		};
		41589F051385D5A40078168C /* ProgressActionsTest.app */ = {
			isa = PBXReferenceProxy;
			fileType = wrapper.application;
			path = ProgressActionsTest.app;
			remoteRef = 41589F041385D5A40078168C /* PBXContainerItemProxy */;
			sourceTree = BUILT_PRODUCTS_DIR;
		};
		41589F071385D5A40078168C /* RenderTextureTest.app */ = {
			isa = PBXReferenceProxy;
			fileType = wrapper.application;
			path = RenderTextureTest.app;
			remoteRef = 41589F061385D5A40078168C /* PBXContainerItemProxy */;
			sourceTree = BUILT_PRODUCTS_DIR;
		};
		41589F091385D5A40078168C /* RotateWorldTest.app */ = {
			isa = PBXReferenceProxy;
			fileType = wrapper.application;
			path = RotateWorldTest.app;
			remoteRef = 41589F081385D5A40078168C /* PBXContainerItemProxy */;
			sourceTree = BUILT_PRODUCTS_DIR;
		};
		41589F0B1385D5A40078168C /* SceneTest.app */ = {
			isa = PBXReferenceProxy;
			fileType = wrapper.application;
			path = SceneTest.app;
			remoteRef = 41589F0A1385D5A40078168C /* PBXContainerItemProxy */;
			sourceTree = BUILT_PRODUCTS_DIR;
		};
		41589F0D1385D5A40078168C /* SchedulerTest.app */ = {
			isa = PBXReferenceProxy;
			fileType = wrapper.application;
			path = SchedulerTest.app;
			remoteRef = 41589F0C1385D5A40078168C /* PBXContainerItemProxy */;
			sourceTree = BUILT_PRODUCTS_DIR;
		};
		41589F0F1385D5A40078168C /* SpriteTest.app */ = {
			isa = PBXReferenceProxy;
			fileType = wrapper.application;
			path = SpriteTest.app;
			remoteRef = 41589F0E1385D5A40078168C /* PBXContainerItemProxy */;
			sourceTree = BUILT_PRODUCTS_DIR;
		};
		41589F111385D5A40078168C /* Texture2dTest.app */ = {
			isa = PBXReferenceProxy;
			fileType = wrapper.application;
			path = Texture2dTest.app;
			remoteRef = 41589F101385D5A40078168C /* PBXContainerItemProxy */;
			sourceTree = BUILT_PRODUCTS_DIR;
		};
		41589F131385D5A40078168C /* TileMapTest.app */ = {
			isa = PBXReferenceProxy;
			fileType = wrapper.application;
			path = TileMapTest.app;
			remoteRef = 41589F121385D5A40078168C /* PBXContainerItemProxy */;
			sourceTree = BUILT_PRODUCTS_DIR;
		};
		41589F151385D5A40078168C /* TouchesTest.app */ = {
			isa = PBXReferenceProxy;
			fileType = wrapper.application;
			path = TouchesTest.app;
			remoteRef = 41589F141385D5A40078168C /* PBXContainerItemProxy */;
			sourceTree = BUILT_PRODUCTS_DIR;
		};
		41589F171385D5A40078168C /* TransitionsTest.app */ = {
			isa = PBXReferenceProxy;
			fileType = wrapper.application;
			path = TransitionsTest.app;
			remoteRef = 41589F161385D5A40078168C /* PBXContainerItemProxy */;
			sourceTree = BUILT_PRODUCTS_DIR;
		};
		41589F191385D5A40078168C /* ZwoptexTest.app */ = {
			isa = PBXReferenceProxy;
			fileType = wrapper.application;
			path = ZwoptexTest.app;
			remoteRef = 41589F181385D5A40078168C /* PBXContainerItemProxy */;
			sourceTree = BUILT_PRODUCTS_DIR;
		};
		41589F1B1385D5A40078168C /* HelloWorldSample.app */ = {
			isa = PBXReferenceProxy;
			fileType = wrapper.application;
			path = HelloWorldSample.app;
			remoteRef = 41589F1A1385D5A40078168C /* PBXContainerItemProxy */;
			sourceTree = BUILT_PRODUCTS_DIR;
		};
		41589F1D1385D5A40078168C /* HelloActionsSample.app */ = {
			isa = PBXReferenceProxy;
			fileType = wrapper.application;
			path = HelloActionsSample.app;
			remoteRef = 41589F1C1385D5A40078168C /* PBXContainerItemProxy */;
			sourceTree = BUILT_PRODUCTS_DIR;
		};
		41589F1F1385D5A40078168C /* HelloEventsSample.app */ = {
			isa = PBXReferenceProxy;
			fileType = wrapper.application;
			path = HelloEventsSample.app;
			remoteRef = 41589F1E1385D5A40078168C /* PBXContainerItemProxy */;
			sourceTree = BUILT_PRODUCTS_DIR;
		};
		41589F211385D5A40078168C /* Bug350.app */ = {
			isa = PBXReferenceProxy;
			fileType = wrapper.application;
			path = Bug350.app;
			remoteRef = 41589F201385D5A40078168C /* PBXContainerItemProxy */;
			sourceTree = BUILT_PRODUCTS_DIR;
		};
		41589F231385D5A40078168C /* Bug422.app */ = {
			isa = PBXReferenceProxy;
			fileType = wrapper.application;
			path = Bug422.app;
			remoteRef = 41589F221385D5A40078168C /* PBXContainerItemProxy */;
			sourceTree = BUILT_PRODUCTS_DIR;
		};
		41589F251385D5A40078168C /* Bug458.app */ = {
			isa = PBXReferenceProxy;
			fileType = wrapper.application;
			path = Bug458.app;
			remoteRef = 41589F241385D5A40078168C /* PBXContainerItemProxy */;
			sourceTree = BUILT_PRODUCTS_DIR;
		};
		41589F271385D5A40078168C /* Bug624.app */ = {
			isa = PBXReferenceProxy;
			fileType = wrapper.application;
			path = Bug624.app;
			remoteRef = 41589F261385D5A40078168C /* PBXContainerItemProxy */;
			sourceTree = BUILT_PRODUCTS_DIR;
		};
		41589F291385D5A40078168C /* Bug886.app */ = {
			isa = PBXReferenceProxy;
			fileType = wrapper.application;
			path = Bug886.app;
			remoteRef = 41589F281385D5A40078168C /* PBXContainerItemProxy */;
			sourceTree = BUILT_PRODUCTS_DIR;
		};
		41589F2B1385D5A40078168C /* Bug899.app */ = {
			isa = PBXReferenceProxy;
			fileType = wrapper.application;
			path = Bug899.app;
			remoteRef = 41589F2A1385D5A40078168C /* PBXContainerItemProxy */;
			sourceTree = BUILT_PRODUCTS_DIR;
		};
		41589F2D1385D5A40078168C /* Bug914.app */ = {
			isa = PBXReferenceProxy;
			fileType = wrapper.application;
			path = Bug914.app;
			remoteRef = 41589F2C1385D5A40078168C /* PBXContainerItemProxy */;
			sourceTree = BUILT_PRODUCTS_DIR;
		};
		41589F2F1385D5A40078168C /* Bug1159.app */ = {
			isa = PBXReferenceProxy;
			fileType = wrapper.application;
			path = Bug1159.app;
			remoteRef = 41589F2E1385D5A40078168C /* PBXContainerItemProxy */;
			sourceTree = BUILT_PRODUCTS_DIR;
		};
/* End PBXReferenceProxy section */

/* Begin PBXResourcesBuildPhase section */
		1D60588D0D05DD3D006BFB54 /* Resources */ = {
			isa = PBXResourcesBuildPhase;
			buildActionMask = 2147483647;
			files = (
				41922A42111A68E40058E0DA /* Default.png in Resources */,
				41922A43111A68E40058E0DA /* fps_images.png in Resources */,
				41922A44111A68E40058E0DA /* Icon.png in Resources */,
				41922A45111A68E40058E0DA /* ryu.lkob in Resources */,
				41922A46111A68E40058E0DA /* ryu.lkot in Resources */,
			);
			runOnlyForDeploymentPostprocessing = 0;
		};
		E0B54179124699D700A27025 /* Resources */ = {
			isa = PBXResourcesBuildPhase;
			buildActionMask = 2147483647;
			files = (
				E09DBFA012747590003CCC20 /* ryu-fixed-frame-size.lkob in Resources */,
				E09DBFA112747590003CCC20 /* ryu-fixed-frame-size.lkot in Resources */,
			);
			runOnlyForDeploymentPostprocessing = 0;
		};
/* End PBXResourcesBuildPhase section */

/* Begin PBXSourcesBuildPhase section */
		1D60588E0D05DD3D006BFB54 /* Sources */ = {
			isa = PBXSourcesBuildPhase;
			buildActionMask = 2147483647;
			files = (
				41922A49111A68F40058E0DA /* LvkSprite.m in Sources */,
				41922A4F111A69270058E0DA /* LvkSpriteDemoAppDelegate.m in Sources */,
				41922A50111A69270058E0DA /* main.m in Sources */,
				4199EE9611B2D869005919CB /* LvkRepeatAction.m in Sources */,
			);
			runOnlyForDeploymentPostprocessing = 0;
		};
		E0B5417A124699D700A27025 /* Sources */ = {
			isa = PBXSourcesBuildPhase;
			buildActionMask = 2147483647;
			files = (
				E0B5444B1246A66400A27025 /* LvkSpriteTest.m in Sources */,
				E0B5444C1246A66400A27025 /* GHUnitIPhoneTestMain.m in Sources */,
			);
			runOnlyForDeploymentPostprocessing = 0;
		};
		E0B544B71246B73E00A27025 /* Sources */ = {
			isa = PBXSourcesBuildPhase;
			buildActionMask = 2147483647;
			files = (
				E0B544C81246B77100A27025 /* LvkSprite.m in Sources */,
				E0B544C91246B77100A27025 /* LvkRepeatAction.m in Sources */,
			);
			runOnlyForDeploymentPostprocessing = 0;
		};
/* End PBXSourcesBuildPhase section */

/* Begin PBXTargetDependency section */
		3BBDC27312517ADB0052B8D7 /* PBXTargetDependency */ = {
			isa = PBXTargetDependency;
			target = E0B544B91246B73E00A27025 /* LvkSprite */;
			targetProxy = 3BBDC27212517ADB0052B8D7 /* PBXContainerItemProxy */;
		};
		41589E2E1385D2D10078168C /* PBXTargetDependency */ = {
			isa = PBXTargetDependency;
			name = cocos2d;
			targetProxy = 41589E2D1385D2D10078168C /* PBXContainerItemProxy */;
		};
		41589E301385D2D40078168C /* PBXTargetDependency */ = {
			isa = PBXTargetDependency;
			name = CocosDenshion;
			targetProxy = 41589E2F1385D2D40078168C /* PBXContainerItemProxy */;
		};
		E0B544CF1246B78F00A27025 /* PBXTargetDependency */ = {
			isa = PBXTargetDependency;
			target = E0B544B91246B73E00A27025 /* LvkSprite */;
			targetProxy = E0B544CE1246B78F00A27025 /* PBXContainerItemProxy */;
		};
		E0CB7E7C13953F1000A05E24 /* PBXTargetDependency */ = {
			isa = PBXTargetDependency;
			name = cocos2d;
			targetProxy = E0CB7E7B13953F1000A05E24 /* PBXContainerItemProxy */;
		};
/* End PBXTargetDependency section */

/* Begin XCBuildConfiguration section */
		1D6058940D05DD3E006BFB54 /* Debug */ = {
			isa = XCBuildConfiguration;
			buildSettings = {
				ALWAYS_SEARCH_USER_PATHS = NO;
				COPY_PHASE_STRIP = NO;
				DEBUG_INFORMATION_FORMAT = "dwarf-with-dsym";
				GCC_DYNAMIC_NO_PIC = NO;
				GCC_ENABLE_FIX_AND_CONTINUE = NO;
				GCC_OPTIMIZATION_LEVEL = 0;
				GCC_PRECOMPILE_PREFIX_HEADER = NO;
				GCC_PREFIX_HEADER = "";
				GCC_PREPROCESSOR_DEFINITIONS = "COCOS2D_DEBUG=0";
				GCC_THUMB_SUPPORT = NO;
				GCC_TREAT_WARNINGS_AS_ERRORS = NO;
				INFOPLIST_FILE = Info.plist;
				OTHER_LDFLAGS = "";
				PREBINDING = NO;
				PRODUCT_NAME = LvkSprite;
				USER_HEADER_SEARCH_PATHS = "";
				WARNING_CFLAGS = "-Wall";
			};
			name = Debug;
		};
		1D6058950D05DD3E006BFB54 /* Release */ = {
			isa = XCBuildConfiguration;
			buildSettings = {
				ALWAYS_SEARCH_USER_PATHS = NO;
				COPY_PHASE_STRIP = YES;
				DEBUG_INFORMATION_FORMAT = "dwarf-with-dsym";
				GCC_ENABLE_FIX_AND_CONTINUE = NO;
				GCC_PRECOMPILE_PREFIX_HEADER = YES;
				GCC_PREFIX_HEADER = display_bin2image_Prefix.pch;
				GCC_THUMB_SUPPORT = NO;
				GCC_TREAT_WARNINGS_AS_ERRORS = NO;
				INFOPLIST_FILE = Info.plist;
				OTHER_LDFLAGS = "";
				PREBINDING = NO;
				PRODUCT_NAME = display_bin2image;
				USER_HEADER_SEARCH_PATHS = "";
				WARNING_CFLAGS = "-Wall";
			};
			name = Release;
		};
		C01FCF4F08A954540054247B /* Debug */ = {
			isa = XCBuildConfiguration;
			buildSettings = {
				ALWAYS_SEARCH_USER_PATHS = NO;
				ARCHS = "$(ARCHS_STANDARD_32_BIT)";
				"CODE_SIGN_IDENTITY[sdk=iphoneos*]" = "iPhone Developer";
				GCC_C_LANGUAGE_STANDARD = c99;
				GCC_WARN_ABOUT_RETURN_TYPE = YES;
				GCC_WARN_UNUSED_VARIABLE = YES;
				HEADER_SEARCH_PATHS = "$(SRCROOT)/../cocos2d-iphone/cocos2d";
				ONLY_ACTIVE_ARCH = YES;
				PREBINDING = NO;
				SDKROOT = iphoneos;
				SKIP_INSTALL = YES;
				USER_HEADER_SEARCH_PATHS = "$(SRCROOT)/../cocos2d-iphone/cocos2d";
			};
			name = Debug;
		};
		C01FCF5008A954540054247B /* Release */ = {
			isa = XCBuildConfiguration;
			buildSettings = {
				ALWAYS_SEARCH_USER_PATHS = NO;
				ARCHS = "$(ARCHS_STANDARD_32_BIT)";
				"CODE_SIGN_IDENTITY[sdk=iphoneos*]" = "iPhone Developer";
				GCC_C_LANGUAGE_STANDARD = c99;
				GCC_WARN_ABOUT_RETURN_TYPE = YES;
				GCC_WARN_UNUSED_VARIABLE = YES;
				HEADER_SEARCH_PATHS = "$(SRCROOT)/../cocos2d-iphone/cocos2d";
				PREBINDING = NO;
				SDKROOT = iphoneos;
				SKIP_INSTALL = YES;
				USER_HEADER_SEARCH_PATHS = "$(SRCROOT)/../cocos2d-iphone/cocos2d";
			};
			name = Release;
		};
		E0B54180124699D700A27025 /* Debug */ = {
			isa = XCBuildConfiguration;
			buildSettings = {
				ALWAYS_SEARCH_USER_PATHS = NO;
				CODE_SIGN_IDENTITY = "iPhone Developer";
				COPY_PHASE_STRIP = NO;
				FRAMEWORK_SEARCH_PATHS = (
					"$(inherited)",
					"\"$(SRCROOT)/LvkSpriteTest/Frameworks\"",
				);
				GCC_DYNAMIC_NO_PIC = NO;
				GCC_OPTIMIZATION_LEVEL = 0;
				GCC_PRECOMPILE_PREFIX_HEADER = YES;
				GCC_PREFIX_HEADER = "$(SYSTEM_LIBRARY_DIR)/Frameworks/UIKit.framework/Headers/UIKit.h";
				INFOPLIST_FILE = "Test-Info.plist";
				INSTALL_PATH = "$(HOME)/Applications";
				LIBRARY_SEARCH_PATHS = (
					"$(inherited)",
					"\"$(SRCROOT)/../cocos2d-iphone/build/Release-iphonesimulator\"",
					"\"$(SRCROOT)/LvkSprite/Frameworks/cocos2d/Simulator\"",
				);
				OTHER_LDFLAGS = (
					"-ObjC",
					"-all_load",
					"-framework",
					Foundation,
					"-framework",
					UIKit,
				);
				PREBINDING = NO;
				PRODUCT_NAME = Test;
				SDKROOT = iphoneos;
				USER_HEADER_SEARCH_PATHS = "";
			};
			name = Debug;
		};
		E0B54181124699D700A27025 /* Release */ = {
			isa = XCBuildConfiguration;
			buildSettings = {
				ALWAYS_SEARCH_USER_PATHS = NO;
				CODE_SIGN_IDENTITY = "iPhone Developer";
				COPY_PHASE_STRIP = YES;
				DEBUG_INFORMATION_FORMAT = "dwarf-with-dsym";
				FRAMEWORK_SEARCH_PATHS = (
					"$(inherited)",
					"\"$(SRCROOT)/LvkSpriteTest/Frameworks\"",
				);
				GCC_ENABLE_FIX_AND_CONTINUE = NO;
				GCC_PRECOMPILE_PREFIX_HEADER = YES;
				GCC_PREFIX_HEADER = "$(SYSTEM_LIBRARY_DIR)/Frameworks/UIKit.framework/Headers/UIKit.h";
				INFOPLIST_FILE = "Test-Info.plist";
				INSTALL_PATH = "$(HOME)/Applications";
				LIBRARY_SEARCH_PATHS = (
					"$(inherited)",
					"\"$(SRCROOT)/../cocos2d-iphone/build/Release-iphonesimulator\"",
					"\"$(SRCROOT)/LvkSprite/Frameworks/cocos2d/Simulator\"",
				);
				OTHER_LDFLAGS = (
					"-ObjC",
					"-all_load",
					"-framework",
					Foundation,
					"-framework",
					UIKit,
				);
				PREBINDING = NO;
				PRODUCT_NAME = Test;
				SDKROOT = iphoneos;
				USER_HEADER_SEARCH_PATHS = "";
				ZERO_LINK = NO;
			};
			name = Release;
		};
		E0B544BB1246B73F00A27025 /* Debug */ = {
			isa = XCBuildConfiguration;
			buildSettings = {
				ALWAYS_SEARCH_USER_PATHS = NO;
				COPY_PHASE_STRIP = NO;
				GCC_DYNAMIC_NO_PIC = NO;
				GCC_OPTIMIZATION_LEVEL = 0;
				GCC_VERSION = "";
				HEADER_SEARCH_PATHS = "$(inherited)/**";
				LIBRARY_SEARCH_PATHS = (
					"$(inherited)",
					"\"$(SRCROOT)/LvkSprite/Frameworks/cocos2d/Simulator\"",
				);
				OTHER_LDFLAGS = (
					"-ObjC",
					"-all_load",
				);
				PREBINDING = NO;
				PRODUCT_NAME = LvkSprite;
				SKIP_INSTALL = YES;
				USER_HEADER_SEARCH_PATHS = "$(inherited)";
			};
			name = Debug;
		};
		E0B544BC1246B73F00A27025 /* Release */ = {
			isa = XCBuildConfiguration;
			buildSettings = {
				ALWAYS_SEARCH_USER_PATHS = NO;
				COPY_PHASE_STRIP = YES;
				DEBUG_INFORMATION_FORMAT = "dwarf-with-dsym";
				GCC_ENABLE_FIX_AND_CONTINUE = NO;
				GCC_VERSION = "";
				HEADER_SEARCH_PATHS = "$(inherited)/**";
				LIBRARY_SEARCH_PATHS = (
					"$(inherited)",
					"\"$(SRCROOT)/LvkSprite/Frameworks/cocos2d/Simulator\"",
				);
				OTHER_LDFLAGS = (
					"-ObjC",
					"-all_load",
				);
				PREBINDING = NO;
				PRODUCT_NAME = LvkSprite;
				SKIP_INSTALL = YES;
				USER_HEADER_SEARCH_PATHS = "$(inherited)";
				ZERO_LINK = NO;
			};
			name = Release;
		};
/* End XCBuildConfiguration section */

/* Begin XCConfigurationList section */
		1D6058960D05DD3E006BFB54 /* Build configuration list for PBXNativeTarget "LvkSpriteProject" */ = {
			isa = XCConfigurationList;
			buildConfigurations = (
				1D6058940D05DD3E006BFB54 /* Debug */,
				1D6058950D05DD3E006BFB54 /* Release */,
			);
			defaultConfigurationIsVisible = 0;
			defaultConfigurationName = Release;
		};
		C01FCF4E08A954540054247B /* Build configuration list for PBXProject "LvkSpriteProject" */ = {
			isa = XCConfigurationList;
			buildConfigurations = (
				C01FCF4F08A954540054247B /* Debug */,
				C01FCF5008A954540054247B /* Release */,
			);
			defaultConfigurationIsVisible = 0;
			defaultConfigurationName = Release;
		};
		E0B54182124699D700A27025 /* Build configuration list for PBXNativeTarget "Test" */ = {
			isa = XCConfigurationList;
			buildConfigurations = (
				E0B54180124699D700A27025 /* Debug */,
				E0B54181124699D700A27025 /* Release */,
			);
			defaultConfigurationIsVisible = 0;
			defaultConfigurationName = Release;
		};
		E0B544BD1246B75D00A27025 /* Build configuration list for PBXNativeTarget "LvkSprite" */ = {
			isa = XCConfigurationList;
			buildConfigurations = (
				E0B544BB1246B73F00A27025 /* Debug */,
				E0B544BC1246B73F00A27025 /* Release */,
			);
			defaultConfigurationIsVisible = 0;
			defaultConfigurationName = Release;
		};
/* End XCConfigurationList section */
	};
	rootObject = 29B97313FDCFA39411CA2CEA /* Project object */;
}
